// !$*UTF8*$!
{
	archiveVersion = 1;
	classes = {
	};
	objectVersion = 46;
	objects = {

/* Begin PBXBuildFile section */
		83BA8C76162A9C3F00BE351A /* UIKit.framework in Frameworks */ = {isa = PBXBuildFile; fileRef = 83BA8C75162A9C3F00BE351A /* UIKit.framework */; };
		83BA8C78162A9C3F00BE351A /* Foundation.framework in Frameworks */ = {isa = PBXBuildFile; fileRef = 83BA8C77162A9C3F00BE351A /* Foundation.framework */; };
		83BA8C7A162A9C3F00BE351A /* CoreGraphics.framework in Frameworks */ = {isa = PBXBuildFile; fileRef = 83BA8C79162A9C3F00BE351A /* CoreGraphics.framework */; };
		83BA8C80162A9C3F00BE351A /* InfoPlist.strings in Resources */ = {isa = PBXBuildFile; fileRef = 83BA8C7E162A9C3F00BE351A /* InfoPlist.strings */; };
		83BA8C82162A9C3F00BE351A /* main.m in Sources */ = {isa = PBXBuildFile; fileRef = 83BA8C81162A9C3F00BE351A /* main.m */; };
		83BA8C86162A9C3F00BE351A /* AppDelegate.m in Sources */ = {isa = PBXBuildFile; fileRef = 83BA8C85162A9C3F00BE351A /* AppDelegate.m */; };
		83BA8C88162A9C3F00BE351A /* Default.png in Resources */ = {isa = PBXBuildFile; fileRef = 83BA8C87162A9C3F00BE351A /* Default.png */; };
		83BA8C8A162A9C3F00BE351A /* Default@2x.png in Resources */ = {isa = PBXBuildFile; fileRef = 83BA8C89162A9C3F00BE351A /* Default@2x.png */; };
		83BA8C8C162A9C3F00BE351A /* Default-568h@2x.png in Resources */ = {isa = PBXBuildFile; fileRef = 83BA8C8B162A9C3F00BE351A /* Default-568h@2x.png */; };
		83BA8C8F162A9C3F00BE351A /* MainStoryboard.storyboard in Resources */ = {isa = PBXBuildFile; fileRef = 83BA8C8D162A9C3F00BE351A /* MainStoryboard.storyboard */; };
		83BA8C92162A9C3F00BE351A /* ViewController.m in Sources */ = {isa = PBXBuildFile; fileRef = 83BA8C91162A9C3F00BE351A /* ViewController.m */; };
		83BA8C9A162A9C3F00BE351A /* SenTestingKit.framework in Frameworks */ = {isa = PBXBuildFile; fileRef = 83BA8C99162A9C3F00BE351A /* SenTestingKit.framework */; };
		83BA8C9B162A9C3F00BE351A /* UIKit.framework in Frameworks */ = {isa = PBXBuildFile; fileRef = 83BA8C75162A9C3F00BE351A /* UIKit.framework */; };
		83BA8C9C162A9C3F00BE351A /* Foundation.framework in Frameworks */ = {isa = PBXBuildFile; fileRef = 83BA8C77162A9C3F00BE351A /* Foundation.framework */; };
		83BA8CA4162A9C3F00BE351A /* InfoPlist.strings in Resources */ = {isa = PBXBuildFile; fileRef = 83BA8CA2162A9C3F00BE351A /* InfoPlist.strings */; };
		83BA8CA7162A9C3F00BE351A /* Missing_LettersTests.m in Sources */ = {isa = PBXBuildFile; fileRef = 83BA8CA6162A9C3F00BE351A /* Missing_LettersTests.m */; };
/* End PBXBuildFile section */

/* Begin PBXContainerItemProxy section */
		83BA8C9D162A9C3F00BE351A /* PBXContainerItemProxy */ = {
			isa = PBXContainerItemProxy;
			containerPortal = 83BA8C68162A9C3F00BE351A /* Project object */;
			proxyType = 1;
			remoteGlobalIDString = 83BA8C70162A9C3F00BE351A;
			remoteInfo = "Missing Letters";
		};
/* End PBXContainerItemProxy section */

/* Begin PBXFileReference section */
		83BA8C71162A9C3F00BE351A /* Missing Letters.app */ = {isa = PBXFileReference; explicitFileType = wrapper.application; includeInIndex = 0; path = "Missing Letters.app"; sourceTree = BUILT_PRODUCTS_DIR; };
		83BA8C75162A9C3F00BE351A /* UIKit.framework */ = {isa = PBXFileReference; lastKnownFileType = wrapper.framework; name = UIKit.framework; path = System/Library/Frameworks/UIKit.framework; sourceTree = SDKROOT; };
		83BA8C77162A9C3F00BE351A /* Foundation.framework */ = {isa = PBXFileReference; lastKnownFileType = wrapper.framework; name = Foundation.framework; path = System/Library/Frameworks/Foundation.framework; sourceTree = SDKROOT; };
		83BA8C79162A9C3F00BE351A /* CoreGraphics.framework */ = {isa = PBXFileReference; lastKnownFileType = wrapper.framework; name = CoreGraphics.framework; path = System/Library/Frameworks/CoreGraphics.framework; sourceTree = SDKROOT; };
		83BA8C7D162A9C3F00BE351A /* Missing Letters-Info.plist */ = {isa = PBXFileReference; lastKnownFileType = text.plist.xml; path = "Missing Letters-Info.plist"; sourceTree = "<group>"; };
		83BA8C7F162A9C3F00BE351A /* en */ = {isa = PBXFileReference; lastKnownFileType = text.plist.strings; name = en; path = en.lproj/InfoPlist.strings; sourceTree = "<group>"; };
		83BA8C81162A9C3F00BE351A /* main.m */ = {isa = PBXFileReference; lastKnownFileType = sourcecode.c.objc; path = main.m; sourceTree = "<group>"; };
		83BA8C83162A9C3F00BE351A /* Missing Letters-Prefix.pch */ = {isa = PBXFileReference; lastKnownFileType = sourcecode.c.h; path = "Missing Letters-Prefix.pch"; sourceTree = "<group>"; };
		83BA8C84162A9C3F00BE351A /* AppDelegate.h */ = {isa = PBXFileReference; lastKnownFileType = sourcecode.c.h; path = AppDelegate.h; sourceTree = "<group>"; };
		83BA8C85162A9C3F00BE351A /* AppDelegate.m */ = {isa = PBXFileReference; lastKnownFileType = sourcecode.c.objc; path = AppDelegate.m; sourceTree = "<group>"; };
		83BA8C87162A9C3F00BE351A /* Default.png */ = {isa = PBXFileReference; lastKnownFileType = image.png; path = Default.png; sourceTree = "<group>"; };
		83BA8C89162A9C3F00BE351A /* Default@2x.png */ = {isa = PBXFileReference; lastKnownFileType = image.png; path = "Default@2x.png"; sourceTree = "<group>"; };
		83BA8C8B162A9C3F00BE351A /* Default-568h@2x.png */ = {isa = PBXFileReference; lastKnownFileType = image.png; path = "Default-568h@2x.png"; sourceTree = "<group>"; };
		83BA8C8E162A9C3F00BE351A /* en */ = {isa = PBXFileReference; lastKnownFileType = file.storyboard; name = en; path = en.lproj/MainStoryboard.storyboard; sourceTree = "<group>"; };
		83BA8C90162A9C3F00BE351A /* ViewController.h */ = {isa = PBXFileReference; lastKnownFileType = sourcecode.c.h; path = ViewController.h; sourceTree = "<group>"; };
		83BA8C91162A9C3F00BE351A /* ViewController.m */ = {isa = PBXFileReference; lastKnownFileType = sourcecode.c.objc; path = ViewController.m; sourceTree = "<group>"; };
		83BA8C98162A9C3F00BE351A /* Missing LettersTests.octest */ = {isa = PBXFileReference; explicitFileType = wrapper.cfbundle; includeInIndex = 0; path = "Missing LettersTests.octest"; sourceTree = BUILT_PRODUCTS_DIR; };
		83BA8C99162A9C3F00BE351A /* SenTestingKit.framework */ = {isa = PBXFileReference; lastKnownFileType = wrapper.framework; name = SenTestingKit.framework; path = Library/Frameworks/SenTestingKit.framework; sourceTree = DEVELOPER_DIR; };
		83BA8CA1162A9C3F00BE351A /* Missing LettersTests-Info.plist */ = {isa = PBXFileReference; lastKnownFileType = text.plist.xml; path = "Missing LettersTests-Info.plist"; sourceTree = "<group>"; };
		83BA8CA3162A9C3F00BE351A /* en */ = {isa = PBXFileReference; lastKnownFileType = text.plist.strings; name = en; path = en.lproj/InfoPlist.strings; sourceTree = "<group>"; };
		83BA8CA5162A9C3F00BE351A /* Missing_LettersTests.h */ = {isa = PBXFileReference; lastKnownFileType = sourcecode.c.h; path = Missing_LettersTests.h; sourceTree = "<group>"; };
		83BA8CA6162A9C3F00BE351A /* Missing_LettersTests.m */ = {isa = PBXFileReference; lastKnownFileType = sourcecode.c.objc; path = Missing_LettersTests.m; sourceTree = "<group>"; };
/* End PBXFileReference section */

/* Begin PBXFrameworksBuildPhase section */
		83BA8C6E162A9C3F00BE351A /* Frameworks */ = {
			isa = PBXFrameworksBuildPhase;
			buildActionMask = 2147483647;
			files = (
				83BA8C76162A9C3F00BE351A /* UIKit.framework in Frameworks */,
				83BA8C78162A9C3F00BE351A /* Foundation.framework in Frameworks */,
				83BA8C7A162A9C3F00BE351A /* CoreGraphics.framework in Frameworks */,
			);
			runOnlyForDeploymentPostprocessing = 0;
		};
		83BA8C94162A9C3F00BE351A /* Frameworks */ = {
			isa = PBXFrameworksBuildPhase;
			buildActionMask = 2147483647;
			files = (
				83BA8C9A162A9C3F00BE351A /* SenTestingKit.framework in Frameworks */,
				83BA8C9B162A9C3F00BE351A /* UIKit.framework in Frameworks */,
				83BA8C9C162A9C3F00BE351A /* Foundation.framework in Frameworks */,
			);
			runOnlyForDeploymentPostprocessing = 0;
		};
/* End PBXFrameworksBuildPhase section */

/* Begin PBXGroup section */
		83BA8C66162A9C3F00BE351A = {
			isa = PBXGroup;
			children = (
				83BA8C7B162A9C3F00BE351A /* Missing Letters */,
				83BA8C9F162A9C3F00BE351A /* Missing LettersTests */,
				83BA8C74162A9C3F00BE351A /* Frameworks */,
				83BA8C72162A9C3F00BE351A /* Products */,
			);
			sourceTree = "<group>";
		};
		83BA8C72162A9C3F00BE351A /* Products */ = {
			isa = PBXGroup;
			children = (
				83BA8C71162A9C3F00BE351A /* Missing Letters.app */,
				83BA8C98162A9C3F00BE351A /* Missing LettersTests.octest */,
			);
			name = Products;
			sourceTree = "<group>";
		};
		83BA8C74162A9C3F00BE351A /* Frameworks */ = {
			isa = PBXGroup;
			children = (
				83BA8C75162A9C3F00BE351A /* UIKit.framework */,
				83BA8C77162A9C3F00BE351A /* Foundation.framework */,
				83BA8C79162A9C3F00BE351A /* CoreGraphics.framework */,
				83BA8C99162A9C3F00BE351A /* SenTestingKit.framework */,
			);
			name = Frameworks;
			sourceTree = "<group>";
		};
		83BA8C7B162A9C3F00BE351A /* Missing Letters */ = {
			isa = PBXGroup;
			children = (
				83BA8C84162A9C3F00BE351A /* AppDelegate.h */,
				83BA8C85162A9C3F00BE351A /* AppDelegate.m */,
				83BA8C8D162A9C3F00BE351A /* MainStoryboard.storyboard */,
				83BA8C90162A9C3F00BE351A /* ViewController.h */,
				83BA8C91162A9C3F00BE351A /* ViewController.m */,
				83BA8C7C162A9C3F00BE351A /* Supporting Files */,
			);
			path = "Missing Letters";
			sourceTree = "<group>";
		};
		83BA8C7C162A9C3F00BE351A /* Supporting Files */ = {
			isa = PBXGroup;
			children = (
				83BA8C7D162A9C3F00BE351A /* Missing Letters-Info.plist */,
				83BA8C7E162A9C3F00BE351A /* InfoPlist.strings */,
				83BA8C81162A9C3F00BE351A /* main.m */,
				83BA8C83162A9C3F00BE351A /* Missing Letters-Prefix.pch */,
				83BA8C87162A9C3F00BE351A /* Default.png */,
				83BA8C89162A9C3F00BE351A /* Default@2x.png */,
				83BA8C8B162A9C3F00BE351A /* Default-568h@2x.png */,
			);
			name = "Supporting Files";
			sourceTree = "<group>";
		};
		83BA8C9F162A9C3F00BE351A /* Missing LettersTests */ = {
			isa = PBXGroup;
			children = (
				83BA8CA5162A9C3F00BE351A /* Missing_LettersTests.h */,
				83BA8CA6162A9C3F00BE351A /* Missing_LettersTests.m */,
				83BA8CA0162A9C3F00BE351A /* Supporting Files */,
			);
			path = "Missing LettersTests";
			sourceTree = "<group>";
		};
		83BA8CA0162A9C3F00BE351A /* Supporting Files */ = {
			isa = PBXGroup;
			children = (
				83BA8CA1162A9C3F00BE351A /* Missing LettersTests-Info.plist */,
				83BA8CA2162A9C3F00BE351A /* InfoPlist.strings */,
			);
			name = "Supporting Files";
			sourceTree = "<group>";
		};
/* End PBXGroup section */

/* Begin PBXNativeTarget section */
		83BA8C70162A9C3F00BE351A /* Missing Letters */ = {
			isa = PBXNativeTarget;
			buildConfigurationList = 83BA8CAA162A9C3F00BE351A /* Build configuration list for PBXNativeTarget "Missing Letters" */;
			buildPhases = (
				83BA8C6D162A9C3F00BE351A /* Sources */,
				83BA8C6E162A9C3F00BE351A /* Frameworks */,
				83BA8C6F162A9C3F00BE351A /* Resources */,
			);
			buildRules = (
			);
			dependencies = (
			);
			name = "Missing Letters";
			productName = "Missing Letters";
			productReference = 83BA8C71162A9C3F00BE351A /* Missing Letters.app */;
			productType = "com.apple.product-type.application";
		};
		83BA8C97162A9C3F00BE351A /* Missing LettersTests */ = {
			isa = PBXNativeTarget;
			buildConfigurationList = 83BA8CAD162A9C3F00BE351A /* Build configuration list for PBXNativeTarget "Missing LettersTests" */;
			buildPhases = (
				83BA8C93162A9C3F00BE351A /* Sources */,
				83BA8C94162A9C3F00BE351A /* Frameworks */,
				83BA8C95162A9C3F00BE351A /* Resources */,
				83BA8C96162A9C3F00BE351A /* ShellScript */,
			);
			buildRules = (
			);
			dependencies = (
				83BA8C9E162A9C3F00BE351A /* PBXTargetDependency */,
			);
			name = "Missing LettersTests";
			productName = "Missing LettersTests";
			productReference = 83BA8C98162A9C3F00BE351A /* Missing LettersTests.octest */;
			productType = "com.apple.product-type.bundle";
		};
/* End PBXNativeTarget section */

/* Begin PBXProject section */
		83BA8C68162A9C3F00BE351A /* Project object */ = {
			isa = PBXProject;
			attributes = {
				LastUpgradeCheck = 0450;
				ORGANIZATIONNAME = HHD;
			};
			buildConfigurationList = 83BA8C6B162A9C3F00BE351A /* Build configuration list for PBXProject "Missing Letters" */;
			compatibilityVersion = "Xcode 3.2";
			developmentRegion = English;
			hasScannedForEncodings = 0;
			knownRegions = (
				en,
			);
			mainGroup = 83BA8C66162A9C3F00BE351A;
			productRefGroup = 83BA8C72162A9C3F00BE351A /* Products */;
			projectDirPath = "";
			projectRoot = "";
			targets = (
				83BA8C70162A9C3F00BE351A /* Missing Letters */,
				83BA8C97162A9C3F00BE351A /* Missing LettersTests */,
			);
		};
/* End PBXProject section */

/* Begin PBXResourcesBuildPhase section */
		83BA8C6F162A9C3F00BE351A /* Resources */ = {
			isa = PBXResourcesBuildPhase;
			buildActionMask = 2147483647;
			files = (
				83BA8C80162A9C3F00BE351A /* InfoPlist.strings in Resources */,
				83BA8C88162A9C3F00BE351A /* Default.png in Resources */,
				83BA8C8A162A9C3F00BE351A /* Default@2x.png in Resources */,
				83BA8C8C162A9C3F00BE351A /* Default-568h@2x.png in Resources */,
				83BA8C8F162A9C3F00BE351A /* MainStoryboard.storyboard in Resources */,
			);
			runOnlyForDeploymentPostprocessing = 0;
		};
		83BA8C95162A9C3F00BE351A /* Resources */ = {
			isa = PBXResourcesBuildPhase;
			buildActionMask = 2147483647;
			files = (
				83BA8CA4162A9C3F00BE351A /* InfoPlist.strings in Resources */,
			);
			runOnlyForDeploymentPostprocessing = 0;
		};
/* End PBXResourcesBuildPhase section */

/* Begin PBXShellScriptBuildPhase section */
		83BA8C96162A9C3F00BE351A /* ShellScript */ = {
			isa = PBXShellScriptBuildPhase;
			buildActionMask = 2147483647;
			files = (
			);
			inputPaths = (
			);
			outputPaths = (
			);
			runOnlyForDeploymentPostprocessing = 0;
			shellPath = /bin/sh;
			shellScript = "# Run the unit tests in this test bundle.\n\"${SYSTEM_DEVELOPER_DIR}/Tools/RunUnitTests\"\n";
		};
/* End PBXShellScriptBuildPhase section */

/* Begin PBXSourcesBuildPhase section */
		83BA8C6D162A9C3F00BE351A /* Sources */ = {
			isa = PBXSourcesBuildPhase;
			buildActionMask = 2147483647;
			files = (
				83BA8C82162A9C3F00BE351A /* main.m in Sources */,
				83BA8C86162A9C3F00BE351A /* AppDelegate.m in Sources */,
				83BA8C92162A9C3F00BE351A /* ViewController.m in Sources */,
			);
			runOnlyForDeploymentPostprocessing = 0;
		};
		83BA8C93162A9C3F00BE351A /* Sources */ = {
			isa = PBXSourcesBuildPhase;
			buildActionMask = 2147483647;
			files = (
				83BA8CA7162A9C3F00BE351A /* Missing_LettersTests.m in Sources */,
			);
			runOnlyForDeploymentPostprocessing = 0;
		};
/* End PBXSourcesBuildPhase section */

/* Begin PBXTargetDependency section */
		83BA8C9E162A9C3F00BE351A /* PBXTargetDependency */ = {
			isa = PBXTargetDependency;
			target = 83BA8C70162A9C3F00BE351A /* Missing Letters */;
			targetProxy = 83BA8C9D162A9C3F00BE351A /* PBXContainerItemProxy */;
		};
/* End PBXTargetDependency section */

/* Begin PBXVariantGroup section */
		83BA8C7E162A9C3F00BE351A /* InfoPlist.strings */ = {
			isa = PBXVariantGroup;
			children = (
				83BA8C7F162A9C3F00BE351A /* en */,
			);
			name = InfoPlist.strings;
			sourceTree = "<group>";
		};
		83BA8C8D162A9C3F00BE351A /* MainStoryboard.storyboard */ = {
			isa = PBXVariantGroup;
			children = (
				83BA8C8E162A9C3F00BE351A /* en */,
			);
			name = MainStoryboard.storyboard;
			sourceTree = "<group>";
		};
		83BA8CA2162A9C3F00BE351A /* InfoPlist.strings */ = {
			isa = PBXVariantGroup;
			children = (
				83BA8CA3162A9C3F00BE351A /* en */,
			);
			name = InfoPlist.strings;
			sourceTree = "<group>";
		};
/* End PBXVariantGroup section */

/* Begin XCBuildConfiguration section */
		83BA8CA8162A9C3F00BE351A /* Debug */ = {
			isa = XCBuildConfiguration;
			buildSettings = {
				ALWAYS_SEARCH_USER_PATHS = NO;
				CLANG_CXX_LANGUAGE_STANDARD = "gnu++0x";
				CLANG_CXX_LIBRARY = "libc++";
				CLANG_ENABLE_OBJC_ARC = YES;
				CLANG_WARN_EMPTY_BODY = YES;
				CLANG_WARN__DUPLICATE_METHOD_MATCH = YES;
				"CODE_SIGN_IDENTITY[sdk=iphoneos*]" = "iPhone Developer";
				COPY_PHASE_STRIP = NO;
				GCC_C_LANGUAGE_STANDARD = gnu99;
				GCC_DYNAMIC_NO_PIC = NO;
				GCC_OPTIMIZATION_LEVEL = 0;
				GCC_PREPROCESSOR_DEFINITIONS = (
					"DEBUG=1",
					"$(inherited)",
				);
				GCC_SYMBOLS_PRIVATE_EXTERN = NO;
				GCC_WARN_ABOUT_RETURN_TYPE = YES;
				GCC_WARN_UNINITIALIZED_AUTOS = YES;
				GCC_WARN_UNUSED_VARIABLE = YES;
				IPHONEOS_DEPLOYMENT_TARGET = 6.0;
				ONLY_ACTIVE_ARCH = YES;
				SDKROOT = iphoneos;
			};
			name = Debug;
		};
		83BA8CA9162A9C3F00BE351A /* Release */ = {
			isa = XCBuildConfiguration;
			buildSettings = {
				ALWAYS_SEARCH_USER_PATHS = NO;
				CLANG_CXX_LANGUAGE_STANDARD = "gnu++0x";
				CLANG_CXX_LIBRARY = "libc++";
				CLANG_ENABLE_OBJC_ARC = YES;
				CLANG_WARN_EMPTY_BODY = YES;
				CLANG_WARN__DUPLICATE_METHOD_MATCH = YES;
				"CODE_SIGN_IDENTITY[sdk=iphoneos*]" = "iPhone Developer";
				COPY_PHASE_STRIP = YES;
				GCC_C_LANGUAGE_STANDARD = gnu99;
				GCC_WARN_ABOUT_RETURN_TYPE = YES;
				GCC_WARN_UNINITIALIZED_AUTOS = YES;
				GCC_WARN_UNUSED_VARIABLE = YES;
				IPHONEOS_DEPLOYMENT_TARGET = 6.0;
				OTHER_CFLAGS = "-DNS_BLOCK_ASSERTIONS=1";
				SDKROOT = iphoneos;
				VALIDATE_PRODUCT = YES;
			};
			name = Release;
		};
		83BA8CAB162A9C3F00BE351A /* Debug */ = {
			isa = XCBuildConfiguration;
			buildSettings = {
				GCC_PRECOMPILE_PREFIX_HEADER = YES;
				GCC_PREFIX_HEADER = "Missing Letters/Missing Letters-Prefix.pch";
				INFOPLIST_FILE = "Missing Letters/Missing Letters-Info.plist";
				PRODUCT_NAME = "$(TARGET_NAME)";
				WRAPPER_EXTENSION = app;
			};
			name = Debug;
		};
		83BA8CAC162A9C3F00BE351A /* Release */ = {
			isa = XCBuildConfiguration;
			buildSettings = {
				GCC_PRECOMPILE_PREFIX_HEADER = YES;
				GCC_PREFIX_HEADER = "Missing Letters/Missing Letters-Prefix.pch";
				INFOPLIST_FILE = "Missing Letters/Missing Letters-Info.plist";
				PRODUCT_NAME = "$(TARGET_NAME)";
				WRAPPER_EXTENSION = app;
			};
			name = Release;
		};
		83BA8CAE162A9C3F00BE351A /* Debug */ = {
			isa = XCBuildConfiguration;
			buildSettings = {
				BUNDLE_LOADER = "$(BUILT_PRODUCTS_DIR)/Missing Letters.app/Missing Letters";
				FRAMEWORK_SEARCH_PATHS = (
					"\"$(SDKROOT)/Developer/Library/Frameworks\"",
					"\"$(DEVELOPER_LIBRARY_DIR)/Frameworks\"",
				);
				GCC_PRECOMPILE_PREFIX_HEADER = YES;
				GCC_PREFIX_HEADER = "Missing Letters/Missing Letters-Prefix.pch";
				INFOPLIST_FILE = "Missing LettersTests/Missing LettersTests-Info.plist";
				PRODUCT_NAME = "$(TARGET_NAME)";
				TEST_HOST = "$(BUNDLE_LOADER)";
				WRAPPER_EXTENSION = octest;
			};
			name = Debug;
		};
		83BA8CAF162A9C3F00BE351A /* Release */ = {
			isa = XCBuildConfiguration;
			buildSettings = {
				BUNDLE_LOADER = "$(BUILT_PRODUCTS_DIR)/Missing Letters.app/Missing Letters";
				FRAMEWORK_SEARCH_PATHS = (
					"\"$(SDKROOT)/Developer/Library/Frameworks\"",
					"\"$(DEVELOPER_LIBRARY_DIR)/Frameworks\"",
				);
				GCC_PRECOMPILE_PREFIX_HEADER = YES;
				GCC_PREFIX_HEADER = "Missing Letters/Missing Letters-Prefix.pch";
				INFOPLIST_FILE = "Missing LettersTests/Missing LettersTests-Info.plist";
				PRODUCT_NAME = "$(TARGET_NAME)";
				TEST_HOST = "$(BUNDLE_LOADER)";
				WRAPPER_EXTENSION = octest;
			};
			name = Release;
		};
/* End XCBuildConfiguration section */

/* Begin XCConfigurationList section */
		83BA8C6B162A9C3F00BE351A /* Build configuration list for PBXProject "Missing Letters" */ = {
			isa = XCConfigurationList;
			buildConfigurations = (
				83BA8CA8162A9C3F00BE351A /* Debug */,
				83BA8CA9162A9C3F00BE351A /* Release */,
			);
			defaultConfigurationIsVisible = 0;
			defaultConfigurationName = Release;
		};
		83BA8CAA162A9C3F00BE351A /* Build configuration list for PBXNativeTarget "Missing Letters" */ = {
			isa = XCConfigurationList;
			buildConfigurations = (
				83BA8CAB162A9C3F00BE351A /* Debug */,
				83BA8CAC162A9C3F00BE351A /* Release */,
			);
			defaultConfigurationIsVisible = 0;
		};
		83BA8CAD162A9C3F00BE351A /* Build configuration list for PBXNativeTarget "Missing LettersTests" */ = {
			isa = XCConfigurationList;
			buildConfigurations = (
				83BA8CAE162A9C3F00BE351A /* Debug */,
				83BA8CAF162A9C3F00BE351A /* Release */,
			);
			defaultConfigurationIsVisible = 0;
		};
/* End XCConfigurationList section */
	};
	rootObject = 83BA8C68162A9C3F00BE351A /* Project object */;
}
