// !$*UTF8*$!
{
	archiveVersion = 1;
	classes = {
	};
	objectVersion = 46;
	objects = {

/* Begin PBXBuildFile section */
		833E8517163AE4F2004E350E /* MLAbout.png in Resources */ = {isa = PBXBuildFile; fileRef = 833E8516163AE4F2004E350E /* MLAbout.png */; };
		833E8519163AE57A004E350E /* GreenCheckbox.gif in Resources */ = {isa = PBXBuildFile; fileRef = 833E8518163AE57A004E350E /* GreenCheckbox.gif */; };
		833E851C163B0808004E350E /* LevelCompleteViewController.m in Sources */ = {isa = PBXBuildFile; fileRef = 833E851B163B0808004E350E /* LevelCompleteViewController.m */; };
		833E851F163B0821004E350E /* PauseMenuProtocol.m in Sources */ = {isa = PBXBuildFile; fileRef = 833E851E163B0821004E350E /* PauseMenuProtocol.m */; };
		833E8523163B085F004E350E /* PauseMenuViewController.m in Sources */ = {isa = PBXBuildFile; fileRef = 833E8522163B085F004E350E /* PauseMenuViewController.m */; };
		833E8525163B2C9B004E350E /* wordlist.txt in Resources */ = {isa = PBXBuildFile; fileRef = 833E8524163B2C9B004E350E /* wordlist.txt */; };
		833E8528163B352F004E350E /* SettingsViewController.m in Sources */ = {isa = PBXBuildFile; fileRef = 833E8527163B352E004E350E /* SettingsViewController.m */; };
		835C19D0162A9DE10097FA98 /* UIKit.framework in Frameworks */ = {isa = PBXBuildFile; fileRef = 835C19CF162A9DE10097FA98 /* UIKit.framework */; };
		835C19D2162A9DE10097FA98 /* Foundation.framework in Frameworks */ = {isa = PBXBuildFile; fileRef = 835C19D1162A9DE10097FA98 /* Foundation.framework */; };
		835C19D4162A9DE10097FA98 /* CoreGraphics.framework in Frameworks */ = {isa = PBXBuildFile; fileRef = 835C19D3162A9DE10097FA98 /* CoreGraphics.framework */; };
		835C19DA162A9DE10097FA98 /* InfoPlist.strings in Resources */ = {isa = PBXBuildFile; fileRef = 835C19D8162A9DE10097FA98 /* InfoPlist.strings */; };
		835C19DC162A9DE10097FA98 /* main.m in Sources */ = {isa = PBXBuildFile; fileRef = 835C19DB162A9DE10097FA98 /* main.m */; };
		835C19E0162A9DE10097FA98 /* AppDelegate.m in Sources */ = {isa = PBXBuildFile; fileRef = 835C19DF162A9DE10097FA98 /* AppDelegate.m */; };
		835C19E6162A9DE10097FA98 /* Default-568h@2x.png in Resources */ = {isa = PBXBuildFile; fileRef = 835C19E5162A9DE10097FA98 /* Default-568h@2x.png */; };
		835C19E9162A9DE10097FA98 /* MainStoryboard.storyboard in Resources */ = {isa = PBXBuildFile; fileRef = 835C19E7162A9DE10097FA98 /* MainStoryboard.storyboard */; };
		835C19EC162A9DE10097FA98 /* ViewController.m in Sources */ = {isa = PBXBuildFile; fileRef = 835C19EB162A9DE10097FA98 /* ViewController.m */; };
		835C19F4162A9DE10097FA98 /* SenTestingKit.framework in Frameworks */ = {isa = PBXBuildFile; fileRef = 835C19F3162A9DE10097FA98 /* SenTestingKit.framework */; };
		835C19F5162A9DE10097FA98 /* UIKit.framework in Frameworks */ = {isa = PBXBuildFile; fileRef = 835C19CF162A9DE10097FA98 /* UIKit.framework */; };
		835C19F6162A9DE10097FA98 /* Foundation.framework in Frameworks */ = {isa = PBXBuildFile; fileRef = 835C19D1162A9DE10097FA98 /* Foundation.framework */; };
		835C19FE162A9DE10097FA98 /* InfoPlist.strings in Resources */ = {isa = PBXBuildFile; fileRef = 835C19FC162A9DE10097FA98 /* InfoPlist.strings */; };
		835C1A01162A9DE10097FA98 /* Missing_LettersTests.m in Sources */ = {isa = PBXBuildFile; fileRef = 835C1A00162A9DE10097FA98 /* Missing_LettersTests.m */; };
		8394D14A162B4B8000FC6576 /* background.png in Resources */ = {isa = PBXBuildFile; fileRef = 8394D149162B4B8000FC6576 /* background.png */; };
		8394D14D162B4BEB00FC6576 /* GameViewController.m in Sources */ = {isa = PBXBuildFile; fileRef = 8394D14C162B4BEB00FC6576 /* GameViewController.m */; };
		8394D1D9162B4EE000FC6576 /* TRPViewController.m in Sources */ = {isa = PBXBuildFile; fileRef = 8394D1D8162B4EE000FC6576 /* TRPViewController.m */; };
		8394D1DC162B500F00FC6576 /* GameIO.m in Sources */ = {isa = PBXBuildFile; fileRef = 8394D1DB162B500F00FC6576 /* GameIO.m */; };
		8394D1DF162B562700FC6576 /* redpanda.png in Resources */ = {isa = PBXBuildFile; fileRef = 8394D1DE162B562700FC6576 /* redpanda.png */; };
		8394D1E1162B5B9000FC6576 /* githubButton.png in Resources */ = {isa = PBXBuildFile; fileRef = 8394D1E0162B5B9000FC6576 /* githubButton.png */; };
		83D09B151630829F00D96AE7 /* MLIcon_retina.png in Resources */ = {isa = PBXBuildFile; fileRef = 83D09B141630829F00D96AE7 /* MLIcon_retina.png */; };
		83D09B18163082A200D96AE7 /* MLIcon_regular.png in Resources */ = {isa = PBXBuildFile; fileRef = 83D09B17163082A200D96AE7 /* MLIcon_regular.png */; };
		83D09B211631CDBC00D96AE7 /* Default@2x.png in Resources */ = {isa = PBXBuildFile; fileRef = 83D09B201631CDBC00D96AE7 /* Default@2x.png */; };
		83D09B231631CDC000D96AE7 /* Default.png in Resources */ = {isa = PBXBuildFile; fileRef = 83D09B221631CDC000D96AE7 /* Default.png */; };
		83D09B251631CDFF00D96AE7 /* MLInGame_retina.png in Resources */ = {isa = PBXBuildFile; fileRef = 83D09B241631CDFF00D96AE7 /* MLInGame_retina.png */; };
/* End PBXBuildFile section */

/* Begin PBXContainerItemProxy section */
		835C19F7162A9DE10097FA98 /* PBXContainerItemProxy */ = {
			isa = PBXContainerItemProxy;
			containerPortal = 835C19C2162A9DE10097FA98 /* Project object */;
			proxyType = 1;
			remoteGlobalIDString = 835C19CA162A9DE10097FA98;
			remoteInfo = "Missing Letters";
		};
/* End PBXContainerItemProxy section */

/* Begin PBXFileReference section */
		833E8516163AE4F2004E350E /* MLAbout.png */ = {isa = PBXFileReference; lastKnownFileType = image.png; path = MLAbout.png; sourceTree = "<group>"; };
		833E8518163AE57A004E350E /* GreenCheckbox.gif */ = {isa = PBXFileReference; lastKnownFileType = image.gif; path = GreenCheckbox.gif; sourceTree = "<group>"; };
		833E851A163B0808004E350E /* LevelCompleteViewController.h */ = {isa = PBXFileReference; fileEncoding = 4; lastKnownFileType = sourcecode.c.h; path = LevelCompleteViewController.h; sourceTree = "<group>"; };
		833E851B163B0808004E350E /* LevelCompleteViewController.m */ = {isa = PBXFileReference; fileEncoding = 4; lastKnownFileType = sourcecode.c.objc; path = LevelCompleteViewController.m; sourceTree = "<group>"; };
		833E851D163B0821004E350E /* PauseMenuProtocol.h */ = {isa = PBXFileReference; fileEncoding = 4; lastKnownFileType = sourcecode.c.h; path = PauseMenuProtocol.h; sourceTree = "<group>"; };
		833E851E163B0821004E350E /* PauseMenuProtocol.m */ = {isa = PBXFileReference; fileEncoding = 4; lastKnownFileType = sourcecode.c.objc; path = PauseMenuProtocol.m; sourceTree = "<group>"; };
		833E8521163B085F004E350E /* PauseMenuViewController.h */ = {isa = PBXFileReference; fileEncoding = 4; lastKnownFileType = sourcecode.c.h; path = PauseMenuViewController.h; sourceTree = "<group>"; };
		833E8522163B085F004E350E /* PauseMenuViewController.m */ = {isa = PBXFileReference; fileEncoding = 4; lastKnownFileType = sourcecode.c.objc; path = PauseMenuViewController.m; sourceTree = "<group>"; };
		833E8524163B2C9B004E350E /* wordlist.txt */ = {isa = PBXFileReference; fileEncoding = 4; lastKnownFileType = text; path = wordlist.txt; sourceTree = "<group>"; };
		833E8526163B352E004E350E /* SettingsViewController.h */ = {isa = PBXFileReference; fileEncoding = 4; lastKnownFileType = sourcecode.c.h; name = SettingsViewController.h; path = "Missing Letters/SettingsViewController.h"; sourceTree = "<group>"; };
		833E8527163B352E004E350E /* SettingsViewController.m */ = {isa = PBXFileReference; fileEncoding = 4; lastKnownFileType = sourcecode.c.objc; name = SettingsViewController.m; path = "Missing Letters/SettingsViewController.m"; sourceTree = "<group>"; };
		835C19CB162A9DE10097FA98 /* Missing Letters.app */ = {isa = PBXFileReference; explicitFileType = wrapper.application; includeInIndex = 0; path = "Missing Letters.app"; sourceTree = BUILT_PRODUCTS_DIR; };
		835C19CF162A9DE10097FA98 /* UIKit.framework */ = {isa = PBXFileReference; lastKnownFileType = wrapper.framework; name = UIKit.framework; path = System/Library/Frameworks/UIKit.framework; sourceTree = SDKROOT; };
		835C19D1162A9DE10097FA98 /* Foundation.framework */ = {isa = PBXFileReference; lastKnownFileType = wrapper.framework; name = Foundation.framework; path = System/Library/Frameworks/Foundation.framework; sourceTree = SDKROOT; };
		835C19D3162A9DE10097FA98 /* CoreGraphics.framework */ = {isa = PBXFileReference; lastKnownFileType = wrapper.framework; name = CoreGraphics.framework; path = System/Library/Frameworks/CoreGraphics.framework; sourceTree = SDKROOT; };
		835C19D7162A9DE10097FA98 /* Missing Letters-Info.plist */ = {isa = PBXFileReference; lastKnownFileType = text.plist.xml; path = "Missing Letters-Info.plist"; sourceTree = "<group>"; };
		835C19D9162A9DE10097FA98 /* en */ = {isa = PBXFileReference; lastKnownFileType = text.plist.strings; name = en; path = en.lproj/InfoPlist.strings; sourceTree = "<group>"; };
		835C19DB162A9DE10097FA98 /* main.m */ = {isa = PBXFileReference; lastKnownFileType = sourcecode.c.objc; path = main.m; sourceTree = "<group>"; };
		835C19DD162A9DE10097FA98 /* Missing Letters-Prefix.pch */ = {isa = PBXFileReference; lastKnownFileType = sourcecode.c.h; path = "Missing Letters-Prefix.pch"; sourceTree = "<group>"; };
		835C19DE162A9DE10097FA98 /* AppDelegate.h */ = {isa = PBXFileReference; lastKnownFileType = sourcecode.c.h; name = AppDelegate.h; path = "Missing Letters/AppDelegate.h"; sourceTree = "<group>"; };
		835C19DF162A9DE10097FA98 /* AppDelegate.m */ = {isa = PBXFileReference; lastKnownFileType = sourcecode.c.objc; name = AppDelegate.m; path = "Missing Letters/AppDelegate.m"; sourceTree = "<group>"; };
		835C19E5162A9DE10097FA98 /* Default-568h@2x.png */ = {isa = PBXFileReference; lastKnownFileType = image.png; name = "Default-568h@2x.png"; path = "Missing Letters/Default-568h@2x.png"; sourceTree = "<group>"; };
		835C19E8162A9DE10097FA98 /* en */ = {isa = PBXFileReference; lastKnownFileType = file.storyboard; name = en; path = en.lproj/MainStoryboard.storyboard; sourceTree = "<group>"; };
		835C19EA162A9DE10097FA98 /* ViewController.h */ = {isa = PBXFileReference; lastKnownFileType = sourcecode.c.h; name = ViewController.h; path = "Missing Letters/ViewController.h"; sourceTree = "<group>"; };
		835C19EB162A9DE10097FA98 /* ViewController.m */ = {isa = PBXFileReference; lastKnownFileType = sourcecode.c.objc; name = ViewController.m; path = "Missing Letters/ViewController.m"; sourceTree = "<group>"; };
		835C19F2162A9DE10097FA98 /* Missing LettersTests.octest */ = {isa = PBXFileReference; explicitFileType = wrapper.cfbundle; includeInIndex = 0; path = "Missing LettersTests.octest"; sourceTree = BUILT_PRODUCTS_DIR; };
		835C19F3162A9DE10097FA98 /* SenTestingKit.framework */ = {isa = PBXFileReference; lastKnownFileType = wrapper.framework; name = SenTestingKit.framework; path = Library/Frameworks/SenTestingKit.framework; sourceTree = DEVELOPER_DIR; };
		835C19FB162A9DE10097FA98 /* Missing LettersTests-Info.plist */ = {isa = PBXFileReference; lastKnownFileType = text.plist.xml; path = "Missing LettersTests-Info.plist"; sourceTree = "<group>"; };
		835C19FD162A9DE10097FA98 /* en */ = {isa = PBXFileReference; lastKnownFileType = text.plist.strings; name = en; path = en.lproj/InfoPlist.strings; sourceTree = "<group>"; };
		835C19FF162A9DE10097FA98 /* Missing_LettersTests.h */ = {isa = PBXFileReference; lastKnownFileType = sourcecode.c.h; path = Missing_LettersTests.h; sourceTree = "<group>"; };
		835C1A00162A9DE10097FA98 /* Missing_LettersTests.m */ = {isa = PBXFileReference; lastKnownFileType = sourcecode.c.objc; path = Missing_LettersTests.m; sourceTree = "<group>"; };
		8394D149162B4B8000FC6576 /* background.png */ = {isa = PBXFileReference; lastKnownFileType = image.png; path = background.png; sourceTree = "<group>"; };
		8394D14B162B4BEB00FC6576 /* GameViewController.h */ = {isa = PBXFileReference; fileEncoding = 4; lastKnownFileType = sourcecode.c.h; name = GameViewController.h; path = "Missing Letters/GameViewController.h"; sourceTree = "<group>"; };
		8394D14C162B4BEB00FC6576 /* GameViewController.m */ = {isa = PBXFileReference; fileEncoding = 4; lastKnownFileType = sourcecode.c.objc; name = GameViewController.m; path = "Missing Letters/GameViewController.m"; sourceTree = "<group>"; };
		8394D1D7162B4EE000FC6576 /* TRPViewController.h */ = {isa = PBXFileReference; fileEncoding = 4; lastKnownFileType = sourcecode.c.h; name = TRPViewController.h; path = "Missing Letters/TRPViewController.h"; sourceTree = "<group>"; };
		8394D1D8162B4EE000FC6576 /* TRPViewController.m */ = {isa = PBXFileReference; fileEncoding = 4; lastKnownFileType = sourcecode.c.objc; name = TRPViewController.m; path = "Missing Letters/TRPViewController.m"; sourceTree = "<group>"; };
		8394D1DA162B500F00FC6576 /* GameIO.h */ = {isa = PBXFileReference; fileEncoding = 4; lastKnownFileType = sourcecode.c.h; name = GameIO.h; path = "Missing Letters/GameIO.h"; sourceTree = "<group>"; };
		8394D1DB162B500F00FC6576 /* GameIO.m */ = {isa = PBXFileReference; fileEncoding = 4; lastKnownFileType = sourcecode.c.objc; name = GameIO.m; path = "Missing Letters/GameIO.m"; sourceTree = "<group>"; };
		8394D1DD162B509700FC6576 /* Config.xcconfig */ = {isa = PBXFileReference; lastKnownFileType = text.xcconfig; name = Config.xcconfig; path = "Missing Letters/Config.xcconfig"; sourceTree = "<group>"; };
		8394D1DE162B562700FC6576 /* redpanda.png */ = {isa = PBXFileReference; lastKnownFileType = image.png; path = redpanda.png; sourceTree = "<group>"; };
		8394D1E0162B5B9000FC6576 /* githubButton.png */ = {isa = PBXFileReference; lastKnownFileType = image.png; path = githubButton.png; sourceTree = "<group>"; };
		83D09B141630829F00D96AE7 /* MLIcon_retina.png */ = {isa = PBXFileReference; lastKnownFileType = image.png; path = MLIcon_retina.png; sourceTree = "<group>"; };
		83D09B17163082A200D96AE7 /* MLIcon_regular.png */ = {isa = PBXFileReference; lastKnownFileType = image.png; path = MLIcon_regular.png; sourceTree = "<group>"; };
		83D09B201631CDBC00D96AE7 /* Default@2x.png */ = {isa = PBXFileReference; lastKnownFileType = image.png; path = "Default@2x.png"; sourceTree = "<group>"; };
		83D09B221631CDC000D96AE7 /* Default.png */ = {isa = PBXFileReference; lastKnownFileType = image.png; path = Default.png; sourceTree = "<group>"; };
		83D09B241631CDFF00D96AE7 /* MLInGame_retina.png */ = {isa = PBXFileReference; lastKnownFileType = image.png; path = MLInGame_retina.png; sourceTree = "<group>"; };
/* End PBXFileReference section */

/* Begin PBXFrameworksBuildPhase section */
		835C19C8162A9DE10097FA98 /* Frameworks */ = {
			isa = PBXFrameworksBuildPhase;
			buildActionMask = 2147483647;
			files = (
				835C19D0162A9DE10097FA98 /* UIKit.framework in Frameworks */,
				835C19D2162A9DE10097FA98 /* Foundation.framework in Frameworks */,
				835C19D4162A9DE10097FA98 /* CoreGraphics.framework in Frameworks */,
			);
			runOnlyForDeploymentPostprocessing = 0;
		};
		835C19EE162A9DE10097FA98 /* Frameworks */ = {
			isa = PBXFrameworksBuildPhase;
			buildActionMask = 2147483647;
			files = (
				835C19F4162A9DE10097FA98 /* SenTestingKit.framework in Frameworks */,
				835C19F5162A9DE10097FA98 /* UIKit.framework in Frameworks */,
				835C19F6162A9DE10097FA98 /* Foundation.framework in Frameworks */,
			);
			runOnlyForDeploymentPostprocessing = 0;
		};
/* End PBXFrameworksBuildPhase section */

/* Begin PBXGroup section */
		835C19C0162A9DE10097FA98 = {
			isa = PBXGroup;
			children = (
				8394D140162B410B00FC6576 /* Classes */,
				8394D145162B413200FC6576 /* Resources */,
				835C19D6162A9DE10097FA98 /* Supporting Files */,
				835C19F9162A9DE10097FA98 /* Missing LettersTests */,
				835C19CE162A9DE10097FA98 /* Frameworks */,
				835C19CC162A9DE10097FA98 /* Products */,
			);
			sourceTree = "<group>";
		};
		835C19CC162A9DE10097FA98 /* Products */ = {
			isa = PBXGroup;
			children = (
				835C19CB162A9DE10097FA98 /* Missing Letters.app */,
				835C19F2162A9DE10097FA98 /* Missing LettersTests.octest */,
			);
			name = Products;
			sourceTree = "<group>";
		};
		835C19CE162A9DE10097FA98 /* Frameworks */ = {
			isa = PBXGroup;
			children = (
				835C19CF162A9DE10097FA98 /* UIKit.framework */,
				835C19D1162A9DE10097FA98 /* Foundation.framework */,
				835C19D3162A9DE10097FA98 /* CoreGraphics.framework */,
				835C19F3162A9DE10097FA98 /* SenTestingKit.framework */,
			);
			name = Frameworks;
			sourceTree = "<group>";
		};
		835C19D6162A9DE10097FA98 /* Supporting Files */ = {
			isa = PBXGroup;
			children = (
				835C19D7162A9DE10097FA98 /* Missing Letters-Info.plist */,
				835C19D8162A9DE10097FA98 /* InfoPlist.strings */,
				835C19DB162A9DE10097FA98 /* main.m */,
				835C19DD162A9DE10097FA98 /* Missing Letters-Prefix.pch */,
			);
			name = "Supporting Files";
			path = "Missing Letters";
			sourceTree = "<group>";
		};
		835C19F9162A9DE10097FA98 /* Missing LettersTests */ = {
			isa = PBXGroup;
			children = (
				835C19FF162A9DE10097FA98 /* Missing_LettersTests.h */,
				835C1A00162A9DE10097FA98 /* Missing_LettersTests.m */,
				835C19FA162A9DE10097FA98 /* Supporting Files */,
			);
			path = "Missing LettersTests";
			sourceTree = "<group>";
		};
		835C19FA162A9DE10097FA98 /* Supporting Files */ = {
			isa = PBXGroup;
			children = (
				835C19FB162A9DE10097FA98 /* Missing LettersTests-Info.plist */,
				835C19FC162A9DE10097FA98 /* InfoPlist.strings */,
			);
			name = "Supporting Files";
			sourceTree = "<group>";
		};
		8394D140162B410B00FC6576 /* Classes */ = {
			isa = PBXGroup;
			children = (
				8394D142162B411200FC6576 /* AppDelegate */,
				8394D143162B411E00FC6576 /* Controllers */,
				8394D144162B412800FC6576 /* Support */,
			);
			name = Classes;
			sourceTree = "<group>";
		};
		8394D142162B411200FC6576 /* AppDelegate */ = {
			isa = PBXGroup;
			children = (
				835C19DF162A9DE10097FA98 /* AppDelegate.m */,
				835C19DE162A9DE10097FA98 /* AppDelegate.h */,
				833E851D163B0821004E350E /* PauseMenuProtocol.h */,
				833E851E163B0821004E350E /* PauseMenuProtocol.m */,
			);
			name = AppDelegate;
			sourceTree = "<group>";
		};
		8394D143162B411E00FC6576 /* Controllers */ = {
			isa = PBXGroup;
			children = (
				833E8521163B085F004E350E /* PauseMenuViewController.h */,
				833E8522163B085F004E350E /* PauseMenuViewController.m */,
				835C19EA162A9DE10097FA98 /* ViewController.h */,
				835C19EB162A9DE10097FA98 /* ViewController.m */,
				8394D14B162B4BEB00FC6576 /* GameViewController.h */,
				8394D14C162B4BEB00FC6576 /* GameViewController.m */,
				833E851A163B0808004E350E /* LevelCompleteViewController.h */,
				833E851B163B0808004E350E /* LevelCompleteViewController.m */,
				8394D1D7162B4EE000FC6576 /* TRPViewController.h */,
				8394D1D8162B4EE000FC6576 /* TRPViewController.m */,
				833E8526163B352E004E350E /* SettingsViewController.h */,
				833E8527163B352E004E350E /* SettingsViewController.m */,
			);
			name = Controllers;
			sourceTree = "<group>";
		};
		8394D144162B412800FC6576 /* Support */ = {
			isa = PBXGroup;
			children = (
				8394D1DA162B500F00FC6576 /* GameIO.h */,
				8394D1DB162B500F00FC6576 /* GameIO.m */,
				8394D1DD162B509700FC6576 /* Config.xcconfig */,
			);
			name = Support;
			sourceTree = "<group>";
		};
		8394D145162B413200FC6576 /* Resources */ = {
			isa = PBXGroup;
			children = (
				8394D146162B413C00FC6576 /* Storyboards */,
				8394D147162B414600FC6576 /* Images */,
				8394D148162B414C00FC6576 /* Data */,
			);
			name = Resources;
			sourceTree = "<group>";
		};
		8394D146162B413C00FC6576 /* Storyboards */ = {
			isa = PBXGroup;
			children = (
				835C19E7162A9DE10097FA98 /* MainStoryboard.storyboard */,
			);
			name = Storyboards;
			sourceTree = "<group>";
		};
		8394D147162B414600FC6576 /* Images */ = {
			isa = PBXGroup;
			children = (
				83D09B17163082A200D96AE7 /* MLIcon_regular.png */,
				83D09B241631CDFF00D96AE7 /* MLInGame_retina.png */,
				83D09B141630829F00D96AE7 /* MLIcon_retina.png */,
				833E8518163AE57A004E350E /* GreenCheckbox.gif */,
				833E8516163AE4F2004E350E /* MLAbout.png */,
				83D09B221631CDC000D96AE7 /* Default.png */,
				83D09B201631CDBC00D96AE7 /* Default@2x.png */,
				8394D1E0162B5B9000FC6576 /* githubButton.png */,
				8394D1DE162B562700FC6576 /* redpanda.png */,
				8394D149162B4B8000FC6576 /* background.png */,
				835C19E5162A9DE10097FA98 /* Default-568h@2x.png */,
			);
			name = Images;
			sourceTree = "<group>";
		};
		8394D148162B414C00FC6576 /* Data */ = {
			isa = PBXGroup;
			children = (
				833E8524163B2C9B004E350E /* wordlist.txt */,
			);
			name = Data;
			sourceTree = "<group>";
		};
/* End PBXGroup section */

/* Begin PBXNativeTarget section */
		835C19CA162A9DE10097FA98 /* Missing Letters */ = {
			isa = PBXNativeTarget;
			buildConfigurationList = 835C1A04162A9DE10097FA98 /* Build configuration list for PBXNativeTarget "Missing Letters" */;
			buildPhases = (
				833E8512163AE392004E350E /* ShellScript */,
				835C19C7162A9DE10097FA98 /* Sources */,
				835C19C8162A9DE10097FA98 /* Frameworks */,
				835C19C9162A9DE10097FA98 /* Resources */,
			);
			buildRules = (
			);
			dependencies = (
			);
			name = "Missing Letters";
			productName = "Missing Letters";
			productReference = 835C19CB162A9DE10097FA98 /* Missing Letters.app */;
			productType = "com.apple.product-type.application";
		};
		835C19F1162A9DE10097FA98 /* Missing LettersTests */ = {
			isa = PBXNativeTarget;
			buildConfigurationList = 835C1A07162A9DE10097FA98 /* Build configuration list for PBXNativeTarget "Missing LettersTests" */;
			buildPhases = (
				835C19ED162A9DE10097FA98 /* Sources */,
				835C19EE162A9DE10097FA98 /* Frameworks */,
				835C19EF162A9DE10097FA98 /* Resources */,
				835C19F0162A9DE10097FA98 /* ShellScript */,
			);
			buildRules = (
			);
			dependencies = (
				835C19F8162A9DE10097FA98 /* PBXTargetDependency */,
			);
			name = "Missing LettersTests";
			productName = "Missing LettersTests";
			productReference = 835C19F2162A9DE10097FA98 /* Missing LettersTests.octest */;
			productType = "com.apple.product-type.bundle";
		};
/* End PBXNativeTarget section */

/* Begin PBXProject section */
		835C19C2162A9DE10097FA98 /* Project object */ = {
			isa = PBXProject;
			attributes = {
				LastUpgradeCheck = 0450;
				ORGANIZATIONNAME = HHD;
			};
			buildConfigurationList = 835C19C5162A9DE10097FA98 /* Build configuration list for PBXProject "Missing Letters" */;
			compatibilityVersion = "Xcode 3.2";
			developmentRegion = English;
			hasScannedForEncodings = 0;
			knownRegions = (
				en,
			);
			mainGroup = 835C19C0162A9DE10097FA98;
			productRefGroup = 835C19CC162A9DE10097FA98 /* Products */;
			projectDirPath = "";
			projectRoot = "";
			targets = (
				835C19CA162A9DE10097FA98 /* Missing Letters */,
				835C19F1162A9DE10097FA98 /* Missing LettersTests */,
			);
		};
/* End PBXProject section */

/* Begin PBXResourcesBuildPhase section */
		835C19C9162A9DE10097FA98 /* Resources */ = {
			isa = PBXResourcesBuildPhase;
			buildActionMask = 2147483647;
			files = (
				835C19DA162A9DE10097FA98 /* InfoPlist.strings in Resources */,
				835C19E6162A9DE10097FA98 /* Default-568h@2x.png in Resources */,
				835C19E9162A9DE10097FA98 /* MainStoryboard.storyboard in Resources */,
				8394D14A162B4B8000FC6576 /* background.png in Resources */,
				8394D1DF162B562700FC6576 /* redpanda.png in Resources */,
				8394D1E1162B5B9000FC6576 /* githubButton.png in Resources */,
				83D09B151630829F00D96AE7 /* MLIcon_retina.png in Resources */,
				83D09B18163082A200D96AE7 /* MLIcon_regular.png in Resources */,
				83D09B211631CDBC00D96AE7 /* Default@2x.png in Resources */,
				83D09B231631CDC000D96AE7 /* Default.png in Resources */,
				83D09B251631CDFF00D96AE7 /* MLInGame_retina.png in Resources */,
				833E8517163AE4F2004E350E /* MLAbout.png in Resources */,
				833E8519163AE57A004E350E /* GreenCheckbox.gif in Resources */,
				833E8525163B2C9B004E350E /* wordlist.txt in Resources */,
			);
			runOnlyForDeploymentPostprocessing = 0;
		};
		835C19EF162A9DE10097FA98 /* Resources */ = {
			isa = PBXResourcesBuildPhase;
			buildActionMask = 2147483647;
			files = (
				835C19FE162A9DE10097FA98 /* InfoPlist.strings in Resources */,
			);
			runOnlyForDeploymentPostprocessing = 0;
		};
/* End PBXResourcesBuildPhase section */

/* Begin PBXShellScriptBuildPhase section */
		833E8512163AE392004E350E /* ShellScript */ = {
			isa = PBXShellScriptBuildPhase;
			buildActionMask = 2147483647;
			files = (
			);
			inputPaths = (
			);
			outputPaths = (
			);
			runOnlyForDeploymentPostprocessing = 0;
			shellPath = /bin/sh;
			shellScript = "/bin/sh \"${PROJECT_DIR}/Missing Letters\"/tools/bump_build_number.sh \"${PROJECT_DIR}/Missing Letters/${INFOPLIST_FILE}\"";
		};
		835C19F0162A9DE10097FA98 /* ShellScript */ = {
			isa = PBXShellScriptBuildPhase;
			buildActionMask = 2147483647;
			files = (
			);
			inputPaths = (
			);
			outputPaths = (
			);
			runOnlyForDeploymentPostprocessing = 0;
			shellPath = /bin/sh;
			shellScript = "# Run the unit tests in this test bundle.\n\"${SYSTEM_DEVELOPER_DIR}/Tools/RunUnitTests\"\n";
		};
/* End PBXShellScriptBuildPhase section */

/* Begin PBXSourcesBuildPhase section */
		835C19C7162A9DE10097FA98 /* Sources */ = {
			isa = PBXSourcesBuildPhase;
			buildActionMask = 2147483647;
			files = (
				835C19DC162A9DE10097FA98 /* main.m in Sources */,
				835C19E0162A9DE10097FA98 /* AppDelegate.m in Sources */,
				835C19EC162A9DE10097FA98 /* ViewController.m in Sources */,
				8394D14D162B4BEB00FC6576 /* GameViewController.m in Sources */,
				8394D1D9162B4EE000FC6576 /* TRPViewController.m in Sources */,
				8394D1DC162B500F00FC6576 /* GameIO.m in Sources */,
				833E851C163B0808004E350E /* LevelCompleteViewController.m in Sources */,
				833E851F163B0821004E350E /* PauseMenuProtocol.m in Sources */,
				833E8523163B085F004E350E /* PauseMenuViewController.m in Sources */,
				833E8528163B352F004E350E /* SettingsViewController.m in Sources */,
			);
			runOnlyForDeploymentPostprocessing = 0;
		};
		835C19ED162A9DE10097FA98 /* Sources */ = {
			isa = PBXSourcesBuildPhase;
			buildActionMask = 2147483647;
			files = (
				835C1A01162A9DE10097FA98 /* Missing_LettersTests.m in Sources */,
			);
			runOnlyForDeploymentPostprocessing = 0;
		};
/* End PBXSourcesBuildPhase section */

/* Begin PBXTargetDependency section */
		835C19F8162A9DE10097FA98 /* PBXTargetDependency */ = {
			isa = PBXTargetDependency;
			target = 835C19CA162A9DE10097FA98 /* Missing Letters */;
			targetProxy = 835C19F7162A9DE10097FA98 /* PBXContainerItemProxy */;
		};
/* End PBXTargetDependency section */

/* Begin PBXVariantGroup section */
		835C19D8162A9DE10097FA98 /* InfoPlist.strings */ = {
			isa = PBXVariantGroup;
			children = (
				835C19D9162A9DE10097FA98 /* en */,
			);
			name = InfoPlist.strings;
			sourceTree = "<group>";
		};
		835C19E7162A9DE10097FA98 /* MainStoryboard.storyboard */ = {
			isa = PBXVariantGroup;
			children = (
				835C19E8162A9DE10097FA98 /* en */,
			);
			name = MainStoryboard.storyboard;
			path = "Missing Letters";
			sourceTree = "<group>";
		};
		835C19FC162A9DE10097FA98 /* InfoPlist.strings */ = {
			isa = PBXVariantGroup;
			children = (
				835C19FD162A9DE10097FA98 /* en */,
			);
			name = InfoPlist.strings;
			sourceTree = "<group>";
		};
/* End PBXVariantGroup section */

/* Begin XCBuildConfiguration section */
		835C1A02162A9DE10097FA98 /* Debug */ = {
			isa = XCBuildConfiguration;
			buildSettings = {
				ALWAYS_SEARCH_USER_PATHS = NO;
				CLANG_CXX_LANGUAGE_STANDARD = "gnu++0x";
				CLANG_CXX_LIBRARY = "libc++";
				CLANG_ENABLE_OBJC_ARC = YES;
				CLANG_WARN_EMPTY_BODY = YES;
				CLANG_WARN__DUPLICATE_METHOD_MATCH = YES;
				"CODE_SIGN_IDENTITY[sdk=iphoneos*]" = "iPhone Developer";
				COPY_PHASE_STRIP = NO;
				GCC_C_LANGUAGE_STANDARD = gnu99;
				GCC_DYNAMIC_NO_PIC = NO;
				GCC_OPTIMIZATION_LEVEL = 0;
				GCC_PREPROCESSOR_DEFINITIONS = (
					"DEBUG=1",
					"$(inherited)",
				);
				GCC_SYMBOLS_PRIVATE_EXTERN = NO;
				GCC_WARN_ABOUT_RETURN_TYPE = YES;
				GCC_WARN_UNINITIALIZED_AUTOS = YES;
				GCC_WARN_UNUSED_VARIABLE = YES;
				IPHONEOS_DEPLOYMENT_TARGET = 5.1;
				ONLY_ACTIVE_ARCH = YES;
				SDKROOT = iphoneos;
			};
			name = Debug;
		};
		835C1A03162A9DE10097FA98 /* Release */ = {
			isa = XCBuildConfiguration;
			buildSettings = {
				ALWAYS_SEARCH_USER_PATHS = NO;
				CLANG_CXX_LANGUAGE_STANDARD = "gnu++0x";
				CLANG_CXX_LIBRARY = "libc++";
				CLANG_ENABLE_OBJC_ARC = YES;
				CLANG_WARN_EMPTY_BODY = YES;
				CLANG_WARN__DUPLICATE_METHOD_MATCH = YES;
				"CODE_SIGN_IDENTITY[sdk=iphoneos*]" = "iPhone Developer";
				COPY_PHASE_STRIP = YES;
				GCC_C_LANGUAGE_STANDARD = gnu99;
				GCC_WARN_ABOUT_RETURN_TYPE = YES;
				GCC_WARN_UNINITIALIZED_AUTOS = YES;
				GCC_WARN_UNUSED_VARIABLE = YES;
				IPHONEOS_DEPLOYMENT_TARGET = 5.1;
				OTHER_CFLAGS = "-DNS_BLOCK_ASSERTIONS=1";
				SDKROOT = iphoneos;
				VALIDATE_PRODUCT = YES;
			};
			name = Release;
		};
		835C1A05162A9DE10097FA98 /* Debug */ = {
			isa = XCBuildConfiguration;
			buildSettings = {
				GCC_PRECOMPILE_PREFIX_HEADER = YES;
				GCC_PREFIX_HEADER = "Missing Letters/Missing Letters-Prefix.pch";
				INFOPLIST_FILE = "Missing Letters/Missing Letters-Info.plist";
				PRODUCT_NAME = "$(TARGET_NAME)";
				TARGETED_DEVICE_FAMILY = 1;
				WRAPPER_EXTENSION = app;
			};
			name = Debug;
		};
		835C1A06162A9DE10097FA98 /* Release */ = {
			isa = XCBuildConfiguration;
			buildSettings = {
				GCC_PRECOMPILE_PREFIX_HEADER = YES;
				GCC_PREFIX_HEADER = "Missing Letters/Missing Letters-Prefix.pch";
				INFOPLIST_FILE = "Missing Letters/Missing Letters-Info.plist";
				PRODUCT_NAME = "$(TARGET_NAME)";
				TARGETED_DEVICE_FAMILY = 1;
				WRAPPER_EXTENSION = app;
			};
			name = Release;
		};
		835C1A08162A9DE10097FA98 /* Debug */ = {
			isa = XCBuildConfiguration;
			buildSettings = {
				BUNDLE_LOADER = "$(BUILT_PRODUCTS_DIR)/Missing Letters.app/Missing Letters";
				FRAMEWORK_SEARCH_PATHS = (
					"\"$(SDKROOT)/Developer/Library/Frameworks\"",
					"\"$(DEVELOPER_LIBRARY_DIR)/Frameworks\"",
				);
				GCC_PRECOMPILE_PREFIX_HEADER = YES;
				GCC_PREFIX_HEADER = "Missing Letters/Missing Letters-Prefix.pch";
				INFOPLIST_FILE = "Missing LettersTests/Missing LettersTests-Info.plist";
				PRODUCT_NAME = "$(TARGET_NAME)";
				TEST_HOST = "$(BUNDLE_LOADER)";
				WRAPPER_EXTENSION = octest;
			};
			name = Debug;
		};
		835C1A09162A9DE10097FA98 /* Release */ = {
			isa = XCBuildConfiguration;
			buildSettings = {
				BUNDLE_LOADER = "$(BUILT_PRODUCTS_DIR)/Missing Letters.app/Missing Letters";
				FRAMEWORK_SEARCH_PATHS = (
					"\"$(SDKROOT)/Developer/Library/Frameworks\"",
					"\"$(DEVELOPER_LIBRARY_DIR)/Frameworks\"",
				);
				GCC_PRECOMPILE_PREFIX_HEADER = YES;
				GCC_PREFIX_HEADER = "Missing Letters/Missing Letters-Prefix.pch";
				INFOPLIST_FILE = "Missing LettersTests/Missing LettersTests-Info.plist";
				PRODUCT_NAME = "$(TARGET_NAME)";
				TEST_HOST = "$(BUNDLE_LOADER)";
				WRAPPER_EXTENSION = octest;
			};
			name = Release;
		};
/* End XCBuildConfiguration section */

/* Begin XCConfigurationList section */
		835C19C5162A9DE10097FA98 /* Build configuration list for PBXProject "Missing Letters" */ = {
			isa = XCConfigurationList;
			buildConfigurations = (
				835C1A02162A9DE10097FA98 /* Debug */,
				835C1A03162A9DE10097FA98 /* Release */,
			);
			defaultConfigurationIsVisible = 0;
			defaultConfigurationName = Release;
		};
		835C1A04162A9DE10097FA98 /* Build configuration list for PBXNativeTarget "Missing Letters" */ = {
			isa = XCConfigurationList;
			buildConfigurations = (
				835C1A05162A9DE10097FA98 /* Debug */,
				835C1A06162A9DE10097FA98 /* Release */,
			);
			defaultConfigurationIsVisible = 0;
			defaultConfigurationName = Release;
		};
		835C1A07162A9DE10097FA98 /* Build configuration list for PBXNativeTarget "Missing LettersTests" */ = {
			isa = XCConfigurationList;
			buildConfigurations = (
				835C1A08162A9DE10097FA98 /* Debug */,
				835C1A09162A9DE10097FA98 /* Release */,
			);
			defaultConfigurationIsVisible = 0;
			defaultConfigurationName = Release;
		};
/* End XCConfigurationList section */
	};
	rootObject = 835C19C2162A9DE10097FA98 /* Project object */;
}
