// !$*UTF8*$!
{
	archiveVersion = 1;
	classes = {
	};
	objectVersion = 46;
	objects = {

/* Begin PBXBuildFile section */
		8305BCC515FC254000ABCF9E /* UIKit.framework in Frameworks */ = {isa = PBXBuildFile; fileRef = 8305BCC415FC254000ABCF9E /* UIKit.framework */; };
		8305BCC715FC254000ABCF9E /* Foundation.framework in Frameworks */ = {isa = PBXBuildFile; fileRef = 8305BCC615FC254000ABCF9E /* Foundation.framework */; };
		8305BCC915FC254000ABCF9E /* CoreGraphics.framework in Frameworks */ = {isa = PBXBuildFile; fileRef = 8305BCC815FC254000ABCF9E /* CoreGraphics.framework */; };
		8305BCCF15FC254000ABCF9E /* InfoPlist.strings in Resources */ = {isa = PBXBuildFile; fileRef = 8305BCCD15FC254000ABCF9E /* InfoPlist.strings */; };
		8305BCD115FC254000ABCF9E /* main.m in Sources */ = {isa = PBXBuildFile; fileRef = 8305BCD015FC254000ABCF9E /* main.m */; };
		8305BCD515FC254000ABCF9E /* AppDelegate.m in Sources */ = {isa = PBXBuildFile; fileRef = 8305BCD415FC254000ABCF9E /* AppDelegate.m */; };
		8305BCD815FC254000ABCF9E /* MainStoryboard.storyboard in Resources */ = {isa = PBXBuildFile; fileRef = 8305BCD615FC254000ABCF9E /* MainStoryboard.storyboard */; };
		8305BCDB15FC254000ABCF9E /* GameViewController.m in Sources */ = {isa = PBXBuildFile; fileRef = 8305BCDA15FC254000ABCF9E /* GameViewController.m */; };
		8305BCE315FC254000ABCF9E /* SenTestingKit.framework in Frameworks */ = {isa = PBXBuildFile; fileRef = 8305BCE215FC254000ABCF9E /* SenTestingKit.framework */; };
		8305BCE415FC254000ABCF9E /* UIKit.framework in Frameworks */ = {isa = PBXBuildFile; fileRef = 8305BCC415FC254000ABCF9E /* UIKit.framework */; };
		8305BCE515FC254000ABCF9E /* Foundation.framework in Frameworks */ = {isa = PBXBuildFile; fileRef = 8305BCC615FC254000ABCF9E /* Foundation.framework */; };
		8305BCED15FC254000ABCF9E /* InfoPlist.strings in Resources */ = {isa = PBXBuildFile; fileRef = 8305BCEB15FC254000ABCF9E /* InfoPlist.strings */; };
		8305BCF015FC254000ABCF9E /* Word_ScrambleTests.m in Sources */ = {isa = PBXBuildFile; fileRef = 8305BCEF15FC254000ABCF9E /* Word_ScrambleTests.m */; };
		8305BCFA15FC339400ABCF9E /* background.png in Resources */ = {isa = PBXBuildFile; fileRef = 8305BCF915FC339400ABCF9E /* background.png */; };
		830BB746160EDEA9009BC210 /* Default-568h@2x.png in Resources */ = {isa = PBXBuildFile; fileRef = 830BB745160EDEA9009BC210 /* Default-568h@2x.png */; };
		830BB756160EE28C009BC210 /* ViewController.m in Sources */ = {isa = PBXBuildFile; fileRef = 830BB755160EE28C009BC210 /* ViewController.m */; };
		830BB759160EE7A2009BC210 /* MenuViewController.m in Sources */ = {isa = PBXBuildFile; fileRef = 830BB758160EE7A2009BC210 /* MenuViewController.m */; };
		830BB75C160EE894009BC210 /* TRPViewController.m in Sources */ = {isa = PBXBuildFile; fileRef = 830BB75B160EE894009BC210 /* TRPViewController.m */; };
		83A9ADF81620E8A900484400 /* GameIO.m in Sources */ = {isa = PBXBuildFile; fileRef = 83A9ADF71620E8A900484400 /* GameIO.m */; };
		83BA8C591628B3FA00BE351A /* redpanda.png in Resources */ = {isa = PBXBuildFile; fileRef = 83BA8C581628B3FA00BE351A /* redpanda.png */; };
		83BA8C64162A973F00BE351A /* logo.png in Resources */ = {isa = PBXBuildFile; fileRef = 83BA8C63162A973F00BE351A /* logo.png */; };
		83FB492B15FD0EAD000E3E57 /* Default@2x.png in Resources */ = {isa = PBXBuildFile; fileRef = 83FB492A15FD0EAD000E3E57 /* Default@2x.png */; };
		83FB492E15FD0EB6000E3E57 /* Default.png in Resources */ = {isa = PBXBuildFile; fileRef = 83FB492D15FD0EB6000E3E57 /* Default.png */; };
		83FB493015FD10E5000E3E57 /* icon_r.png in Resources */ = {isa = PBXBuildFile; fileRef = 83FB492F15FD10E5000E3E57 /* icon_r.png */; };
		83FB493215FD10E9000E3E57 /* icon.png in Resources */ = {isa = PBXBuildFile; fileRef = 83FB493115FD10E9000E3E57 /* icon.png */; };
		83FB493415FD17DC000E3E57 /* wordlist.txt in Resources */ = {isa = PBXBuildFile; fileRef = 83FB493315FD17DC000E3E57 /* wordlist.txt */; };
/* End PBXBuildFile section */

/* Begin PBXContainerItemProxy section */
		8305BCE615FC254000ABCF9E /* PBXContainerItemProxy */ = {
			isa = PBXContainerItemProxy;
			containerPortal = 8305BCB715FC254000ABCF9E /* Project object */;
			proxyType = 1;
			remoteGlobalIDString = 8305BCBF15FC254000ABCF9E;
			remoteInfo = "Word Scramble";
		};
/* End PBXContainerItemProxy section */

/* Begin PBXFileReference section */
		8305BCC015FC254000ABCF9E /* Word Scramble.app */ = {isa = PBXFileReference; explicitFileType = wrapper.application; includeInIndex = 0; path = "Word Scramble.app"; sourceTree = BUILT_PRODUCTS_DIR; };
		8305BCC415FC254000ABCF9E /* UIKit.framework */ = {isa = PBXFileReference; lastKnownFileType = wrapper.framework; name = UIKit.framework; path = System/Library/Frameworks/UIKit.framework; sourceTree = SDKROOT; };
		8305BCC615FC254000ABCF9E /* Foundation.framework */ = {isa = PBXFileReference; lastKnownFileType = wrapper.framework; name = Foundation.framework; path = System/Library/Frameworks/Foundation.framework; sourceTree = SDKROOT; };
		8305BCC815FC254000ABCF9E /* CoreGraphics.framework */ = {isa = PBXFileReference; lastKnownFileType = wrapper.framework; name = CoreGraphics.framework; path = System/Library/Frameworks/CoreGraphics.framework; sourceTree = SDKROOT; };
		8305BCCC15FC254000ABCF9E /* Word Scramble-Info.plist */ = {isa = PBXFileReference; lastKnownFileType = text.plist.xml; path = "Word Scramble-Info.plist"; sourceTree = "<group>"; };
		8305BCCE15FC254000ABCF9E /* en */ = {isa = PBXFileReference; lastKnownFileType = text.plist.strings; name = en; path = en.lproj/InfoPlist.strings; sourceTree = "<group>"; };
		8305BCD015FC254000ABCF9E /* main.m */ = {isa = PBXFileReference; lastKnownFileType = sourcecode.c.objc; path = main.m; sourceTree = "<group>"; };
		8305BCD215FC254000ABCF9E /* Word Scramble-Prefix.pch */ = {isa = PBXFileReference; lastKnownFileType = sourcecode.c.h; path = "Word Scramble-Prefix.pch"; sourceTree = "<group>"; };
		8305BCD315FC254000ABCF9E /* AppDelegate.h */ = {isa = PBXFileReference; lastKnownFileType = sourcecode.c.h; name = AppDelegate.h; path = "Word Scramble/AppDelegate.h"; sourceTree = "<group>"; };
		8305BCD415FC254000ABCF9E /* AppDelegate.m */ = {isa = PBXFileReference; lastKnownFileType = sourcecode.c.objc; name = AppDelegate.m; path = "Word Scramble/AppDelegate.m"; sourceTree = "<group>"; };
		8305BCD715FC254000ABCF9E /* en */ = {isa = PBXFileReference; lastKnownFileType = file.storyboard; name = en; path = en.lproj/MainStoryboard.storyboard; sourceTree = "<group>"; };
		8305BCD915FC254000ABCF9E /* GameViewController.h */ = {isa = PBXFileReference; lastKnownFileType = sourcecode.c.h; name = GameViewController.h; path = "Word Scramble/GameViewController.h"; sourceTree = "<group>"; };
		8305BCDA15FC254000ABCF9E /* GameViewController.m */ = {isa = PBXFileReference; lastKnownFileType = sourcecode.c.objc; name = GameViewController.m; path = "Word Scramble/GameViewController.m"; sourceTree = "<group>"; };
		8305BCE115FC254000ABCF9E /* Word ScrambleTests.octest */ = {isa = PBXFileReference; explicitFileType = wrapper.cfbundle; includeInIndex = 0; path = "Word ScrambleTests.octest"; sourceTree = BUILT_PRODUCTS_DIR; };
		8305BCE215FC254000ABCF9E /* SenTestingKit.framework */ = {isa = PBXFileReference; lastKnownFileType = wrapper.framework; name = SenTestingKit.framework; path = Library/Frameworks/SenTestingKit.framework; sourceTree = DEVELOPER_DIR; };
		8305BCEA15FC254000ABCF9E /* Word ScrambleTests-Info.plist */ = {isa = PBXFileReference; lastKnownFileType = text.plist.xml; path = "Word ScrambleTests-Info.plist"; sourceTree = "<group>"; };
		8305BCEC15FC254000ABCF9E /* en */ = {isa = PBXFileReference; lastKnownFileType = text.plist.strings; name = en; path = en.lproj/InfoPlist.strings; sourceTree = "<group>"; };
		8305BCEE15FC254000ABCF9E /* Word_ScrambleTests.h */ = {isa = PBXFileReference; lastKnownFileType = sourcecode.c.h; path = Word_ScrambleTests.h; sourceTree = "<group>"; };
		8305BCEF15FC254000ABCF9E /* Word_ScrambleTests.m */ = {isa = PBXFileReference; lastKnownFileType = sourcecode.c.objc; path = Word_ScrambleTests.m; sourceTree = "<group>"; };
		8305BCF915FC339400ABCF9E /* background.png */ = {isa = PBXFileReference; lastKnownFileType = image.png; name = background.png; path = "Word Scramble/background.png"; sourceTree = "<group>"; };
		830BB745160EDEA9009BC210 /* Default-568h@2x.png */ = {isa = PBXFileReference; lastKnownFileType = image.png; path = "Default-568h@2x.png"; sourceTree = "<group>"; };
		830BB754160EE28C009BC210 /* ViewController.h */ = {isa = PBXFileReference; fileEncoding = 4; lastKnownFileType = sourcecode.c.h; path = ViewController.h; sourceTree = "<group>"; };
		830BB755160EE28C009BC210 /* ViewController.m */ = {isa = PBXFileReference; fileEncoding = 4; lastKnownFileType = sourcecode.c.objc; path = ViewController.m; sourceTree = "<group>"; };
		830BB757160EE7A2009BC210 /* MenuViewController.h */ = {isa = PBXFileReference; fileEncoding = 4; lastKnownFileType = sourcecode.c.h; path = MenuViewController.h; sourceTree = "<group>"; };
		830BB758160EE7A2009BC210 /* MenuViewController.m */ = {isa = PBXFileReference; fileEncoding = 4; lastKnownFileType = sourcecode.c.objc; path = MenuViewController.m; sourceTree = "<group>"; };
		830BB75A160EE894009BC210 /* TRPViewController.h */ = {isa = PBXFileReference; fileEncoding = 4; lastKnownFileType = sourcecode.c.h; path = TRPViewController.h; sourceTree = "<group>"; };
		830BB75B160EE894009BC210 /* TRPViewController.m */ = {isa = PBXFileReference; fileEncoding = 4; lastKnownFileType = sourcecode.c.objc; path = TRPViewController.m; sourceTree = "<group>"; };
		83A9ADF61620E8A900484400 /* GameIO.h */ = {isa = PBXFileReference; fileEncoding = 4; lastKnownFileType = sourcecode.c.h; path = GameIO.h; sourceTree = "<group>"; };
		83A9ADF71620E8A900484400 /* GameIO.m */ = {isa = PBXFileReference; fileEncoding = 4; lastKnownFileType = sourcecode.c.objc; path = GameIO.m; sourceTree = "<group>"; };
		83A9ADFC1620E94C00484400 /* Config.xcconfig */ = {isa = PBXFileReference; lastKnownFileType = text.xcconfig; path = Config.xcconfig; sourceTree = "<group>"; };
		83BA8C581628B3FA00BE351A /* redpanda.png */ = {isa = PBXFileReference; lastKnownFileType = image.png; path = redpanda.png; sourceTree = "<group>"; };
		83BA8C63162A973F00BE351A /* logo.png */ = {isa = PBXFileReference; lastKnownFileType = image.png; path = logo.png; sourceTree = "<group>"; };
		83FB492A15FD0EAD000E3E57 /* Default@2x.png */ = {isa = PBXFileReference; lastKnownFileType = image.png; path = "Default@2x.png"; sourceTree = "<group>"; };
		83FB492D15FD0EB6000E3E57 /* Default.png */ = {isa = PBXFileReference; lastKnownFileType = image.png; path = Default.png; sourceTree = "<group>"; };
		83FB492F15FD10E5000E3E57 /* icon_r.png */ = {isa = PBXFileReference; lastKnownFileType = image.png; path = icon_r.png; sourceTree = "<group>"; };
		83FB493115FD10E9000E3E57 /* icon.png */ = {isa = PBXFileReference; lastKnownFileType = image.png; path = icon.png; sourceTree = "<group>"; };
		83FB493315FD17DC000E3E57 /* wordlist.txt */ = {isa = PBXFileReference; fileEncoding = 4; lastKnownFileType = text; name = wordlist.txt; path = "Word Scramble/wordlist.txt"; sourceTree = "<group>"; };
/* End PBXFileReference section */

/* Begin PBXFrameworksBuildPhase section */
		8305BCBD15FC254000ABCF9E /* Frameworks */ = {
			isa = PBXFrameworksBuildPhase;
			buildActionMask = 2147483647;
			files = (
				8305BCC515FC254000ABCF9E /* UIKit.framework in Frameworks */,
				8305BCC715FC254000ABCF9E /* Foundation.framework in Frameworks */,
				8305BCC915FC254000ABCF9E /* CoreGraphics.framework in Frameworks */,
			);
			runOnlyForDeploymentPostprocessing = 0;
		};
		8305BCDD15FC254000ABCF9E /* Frameworks */ = {
			isa = PBXFrameworksBuildPhase;
			buildActionMask = 2147483647;
			files = (
				8305BCE315FC254000ABCF9E /* SenTestingKit.framework in Frameworks */,
				8305BCE415FC254000ABCF9E /* UIKit.framework in Frameworks */,
				8305BCE515FC254000ABCF9E /* Foundation.framework in Frameworks */,
			);
			runOnlyForDeploymentPostprocessing = 0;
		};
/* End PBXFrameworksBuildPhase section */

/* Begin PBXGroup section */
		8305BCB515FC254000ABCF9E = {
			isa = PBXGroup;
			children = (
				830BB748160EDF46009BC210 /* Classes */,
				830BB74A160EDFA0009BC210 /* Resources */,
				8305BCCB15FC254000ABCF9E /* Supporting Files */,
				8305BCE815FC254000ABCF9E /* Word ScrambleTests */,
				8305BCC315FC254000ABCF9E /* Frameworks */,
				8305BCC115FC254000ABCF9E /* Products */,
			);
			sourceTree = "<group>";
		};
		8305BCC115FC254000ABCF9E /* Products */ = {
			isa = PBXGroup;
			children = (
				8305BCC015FC254000ABCF9E /* Word Scramble.app */,
				8305BCE115FC254000ABCF9E /* Word ScrambleTests.octest */,
			);
			name = Products;
			sourceTree = "<group>";
		};
		8305BCC315FC254000ABCF9E /* Frameworks */ = {
			isa = PBXGroup;
			children = (
				8305BCC415FC254000ABCF9E /* UIKit.framework */,
				8305BCC615FC254000ABCF9E /* Foundation.framework */,
				8305BCC815FC254000ABCF9E /* CoreGraphics.framework */,
				8305BCE215FC254000ABCF9E /* SenTestingKit.framework */,
			);
			name = Frameworks;
			sourceTree = "<group>";
		};
		8305BCCB15FC254000ABCF9E /* Supporting Files */ = {
			isa = PBXGroup;
			children = (
				8305BCCC15FC254000ABCF9E /* Word Scramble-Info.plist */,
				8305BCCD15FC254000ABCF9E /* InfoPlist.strings */,
				8305BCD015FC254000ABCF9E /* main.m */,
				8305BCD215FC254000ABCF9E /* Word Scramble-Prefix.pch */,
			);
			name = "Supporting Files";
			path = "Word Scramble";
			sourceTree = "<group>";
		};
		8305BCE815FC254000ABCF9E /* Word ScrambleTests */ = {
			isa = PBXGroup;
			children = (
				8305BCEE15FC254000ABCF9E /* Word_ScrambleTests.h */,
				8305BCEF15FC254000ABCF9E /* Word_ScrambleTests.m */,
				8305BCE915FC254000ABCF9E /* Supporting Files */,
			);
			path = "Word ScrambleTests";
			sourceTree = "<group>";
		};
		8305BCE915FC254000ABCF9E /* Supporting Files */ = {
			isa = PBXGroup;
			children = (
				8305BCEA15FC254000ABCF9E /* Word ScrambleTests-Info.plist */,
				8305BCEB15FC254000ABCF9E /* InfoPlist.strings */,
			);
			name = "Supporting Files";
			sourceTree = "<group>";
		};
		830BB747160EDF37009BC210 /* Controllers */ = {
			isa = PBXGroup;
			children = (
				830BB754160EE28C009BC210 /* ViewController.h */,
				830BB755160EE28C009BC210 /* ViewController.m */,
				8305BCD915FC254000ABCF9E /* GameViewController.h */,
				8305BCDA15FC254000ABCF9E /* GameViewController.m */,
				830BB757160EE7A2009BC210 /* MenuViewController.h */,
				830BB758160EE7A2009BC210 /* MenuViewController.m */,
				830BB75A160EE894009BC210 /* TRPViewController.h */,
				830BB75B160EE894009BC210 /* TRPViewController.m */,
			);
			name = Controllers;
			sourceTree = "<group>";
		};
		830BB748160EDF46009BC210 /* Classes */ = {
			isa = PBXGroup;
			children = (
				830BB749160EDF93009BC210 /* AppDelegate */,
				830BB747160EDF37009BC210 /* Controllers */,
				83A9ADF41620E84F00484400 /* Support */,
			);
			name = Classes;
			sourceTree = "<group>";
		};
		830BB749160EDF93009BC210 /* AppDelegate */ = {
			isa = PBXGroup;
			children = (
				8305BCD315FC254000ABCF9E /* AppDelegate.h */,
				8305BCD415FC254000ABCF9E /* AppDelegate.m */,
			);
			name = AppDelegate;
			sourceTree = "<group>";
		};
		830BB74A160EDFA0009BC210 /* Resources */ = {
			isa = PBXGroup;
			children = (
				830BB74C160EDFB6009BC210 /* Storyboards */,
				830BB74B160EDFAE009BC210 /* Images */,
				830BB74D160EE01A009BC210 /* Data */,
			);
			name = Resources;
			sourceTree = "<group>";
		};
		830BB74B160EDFAE009BC210 /* Images */ = {
			isa = PBXGroup;
			children = (
				83BA8C63162A973F00BE351A /* logo.png */,
				83BA8C581628B3FA00BE351A /* redpanda.png */,
				83FB492F15FD10E5000E3E57 /* icon_r.png */,
				83FB493115FD10E9000E3E57 /* icon.png */,
				83FB492D15FD0EB6000E3E57 /* Default.png */,
				83FB492A15FD0EAD000E3E57 /* Default@2x.png */,
				8305BCF915FC339400ABCF9E /* background.png */,
				830BB745160EDEA9009BC210 /* Default-568h@2x.png */,
			);
			name = Images;
			sourceTree = "<group>";
		};
		830BB74C160EDFB6009BC210 /* Storyboards */ = {
			isa = PBXGroup;
			children = (
				8305BCD615FC254000ABCF9E /* MainStoryboard.storyboard */,
			);
			name = Storyboards;
			sourceTree = "<group>";
		};
		830BB74D160EE01A009BC210 /* Data */ = {
			isa = PBXGroup;
			children = (
				83FB493315FD17DC000E3E57 /* wordlist.txt */,
			);
			name = Data;
			sourceTree = "<group>";
		};
		83A9ADF41620E84F00484400 /* Support */ = {
			isa = PBXGroup;
			children = (
				83A9ADF61620E8A900484400 /* GameIO.h */,
				83A9ADF71620E8A900484400 /* GameIO.m */,
				83A9ADFC1620E94C00484400 /* Config.xcconfig */,
			);
			name = Support;
			sourceTree = "<group>";
		};
/* End PBXGroup section */

/* Begin PBXNativeTarget section */
		8305BCBF15FC254000ABCF9E /* Word Scramble */ = {
			isa = PBXNativeTarget;
			buildConfigurationList = 8305BCF315FC254000ABCF9E /* Build configuration list for PBXNativeTarget "Word Scramble" */;
			buildPhases = (
				8305BCBC15FC254000ABCF9E /* Sources */,
				8305BCBD15FC254000ABCF9E /* Frameworks */,
				8305BCBE15FC254000ABCF9E /* Resources */,
			);
			buildRules = (
			);
			dependencies = (
			);
			name = "Word Scramble";
			productName = "Word Scramble";
			productReference = 8305BCC015FC254000ABCF9E /* Word Scramble.app */;
			productType = "com.apple.product-type.application";
		};
		8305BCE015FC254000ABCF9E /* Word ScrambleTests */ = {
			isa = PBXNativeTarget;
			buildConfigurationList = 8305BCF615FC254000ABCF9E /* Build configuration list for PBXNativeTarget "Word ScrambleTests" */;
			buildPhases = (
				8305BCDC15FC254000ABCF9E /* Sources */,
				8305BCDD15FC254000ABCF9E /* Frameworks */,
				8305BCDE15FC254000ABCF9E /* Resources */,
				8305BCDF15FC254000ABCF9E /* ShellScript */,
			);
			buildRules = (
			);
			dependencies = (
				8305BCE715FC254000ABCF9E /* PBXTargetDependency */,
			);
			name = "Word ScrambleTests";
			productName = "Word ScrambleTests";
			productReference = 8305BCE115FC254000ABCF9E /* Word ScrambleTests.octest */;
			productType = "com.apple.product-type.bundle";
		};
/* End PBXNativeTarget section */

/* Begin PBXProject section */
		8305BCB715FC254000ABCF9E /* Project object */ = {
			isa = PBXProject;
			attributes = {
				LastUpgradeCheck = 0440;
				ORGANIZATIONNAME = HHD;
			};
			buildConfigurationList = 8305BCBA15FC254000ABCF9E /* Build configuration list for PBXProject "Word Scramble" */;
			compatibilityVersion = "Xcode 3.2";
			developmentRegion = English;
			hasScannedForEncodings = 0;
			knownRegions = (
				en,
			);
			mainGroup = 8305BCB515FC254000ABCF9E;
			productRefGroup = 8305BCC115FC254000ABCF9E /* Products */;
			projectDirPath = "";
			projectRoot = "";
			targets = (
				8305BCBF15FC254000ABCF9E /* Word Scramble */,
				8305BCE015FC254000ABCF9E /* Word ScrambleTests */,
			);
		};
/* End PBXProject section */

/* Begin PBXResourcesBuildPhase section */
		8305BCBE15FC254000ABCF9E /* Resources */ = {
			isa = PBXResourcesBuildPhase;
			buildActionMask = 2147483647;
			files = (
				8305BCCF15FC254000ABCF9E /* InfoPlist.strings in Resources */,
				8305BCD815FC254000ABCF9E /* MainStoryboard.storyboard in Resources */,
				8305BCFA15FC339400ABCF9E /* background.png in Resources */,
				83FB492B15FD0EAD000E3E57 /* Default@2x.png in Resources */,
				83FB492E15FD0EB6000E3E57 /* Default.png in Resources */,
				83FB493015FD10E5000E3E57 /* icon_r.png in Resources */,
				83FB493215FD10E9000E3E57 /* icon.png in Resources */,
				83FB493415FD17DC000E3E57 /* wordlist.txt in Resources */,
				830BB746160EDEA9009BC210 /* Default-568h@2x.png in Resources */,
				83BA8C591628B3FA00BE351A /* redpanda.png in Resources */,
				83BA8C64162A973F00BE351A /* logo.png in Resources */,
			);
			runOnlyForDeploymentPostprocessing = 0;
		};
		8305BCDE15FC254000ABCF9E /* Resources */ = {
			isa = PBXResourcesBuildPhase;
			buildActionMask = 2147483647;
			files = (
				8305BCED15FC254000ABCF9E /* InfoPlist.strings in Resources */,
			);
			runOnlyForDeploymentPostprocessing = 0;
		};
/* End PBXResourcesBuildPhase section */

/* Begin PBXShellScriptBuildPhase section */
		8305BCDF15FC254000ABCF9E /* ShellScript */ = {
			isa = PBXShellScriptBuildPhase;
			buildActionMask = 2147483647;
			files = (
			);
			inputPaths = (
			);
			outputPaths = (
			);
			runOnlyForDeploymentPostprocessing = 0;
			shellPath = /bin/sh;
			shellScript = "# Run the unit tests in this test bundle.\n\"${SYSTEM_DEVELOPER_DIR}/Tools/RunUnitTests\"\n";
		};
/* End PBXShellScriptBuildPhase section */

/* Begin PBXSourcesBuildPhase section */
		8305BCBC15FC254000ABCF9E /* Sources */ = {
			isa = PBXSourcesBuildPhase;
			buildActionMask = 2147483647;
			files = (
				8305BCD115FC254000ABCF9E /* main.m in Sources */,
				8305BCD515FC254000ABCF9E /* AppDelegate.m in Sources */,
				8305BCDB15FC254000ABCF9E /* GameViewController.m in Sources */,
				830BB756160EE28C009BC210 /* ViewController.m in Sources */,
				830BB759160EE7A2009BC210 /* MenuViewController.m in Sources */,
				830BB75C160EE894009BC210 /* TRPViewController.m in Sources */,
				83A9ADF81620E8A900484400 /* GameIO.m in Sources */,
			);
			runOnlyForDeploymentPostprocessing = 0;
		};
		8305BCDC15FC254000ABCF9E /* Sources */ = {
			isa = PBXSourcesBuildPhase;
			buildActionMask = 2147483647;
			files = (
				8305BCF015FC254000ABCF9E /* Word_ScrambleTests.m in Sources */,
			);
			runOnlyForDeploymentPostprocessing = 0;
		};
/* End PBXSourcesBuildPhase section */

/* Begin PBXTargetDependency section */
		8305BCE715FC254000ABCF9E /* PBXTargetDependency */ = {
			isa = PBXTargetDependency;
			target = 8305BCBF15FC254000ABCF9E /* Word Scramble */;
			targetProxy = 8305BCE615FC254000ABCF9E /* PBXContainerItemProxy */;
		};
/* End PBXTargetDependency section */

/* Begin PBXVariantGroup section */
		8305BCCD15FC254000ABCF9E /* InfoPlist.strings */ = {
			isa = PBXVariantGroup;
			children = (
				8305BCCE15FC254000ABCF9E /* en */,
			);
			name = InfoPlist.strings;
			sourceTree = "<group>";
		};
		8305BCD615FC254000ABCF9E /* MainStoryboard.storyboard */ = {
			isa = PBXVariantGroup;
			children = (
				8305BCD715FC254000ABCF9E /* en */,
			);
			name = MainStoryboard.storyboard;
			path = "Word Scramble";
			sourceTree = "<group>";
		};
		8305BCEB15FC254000ABCF9E /* InfoPlist.strings */ = {
			isa = PBXVariantGroup;
			children = (
				8305BCEC15FC254000ABCF9E /* en */,
			);
			name = InfoPlist.strings;
			sourceTree = "<group>";
		};
/* End PBXVariantGroup section */

/* Begin XCBuildConfiguration section */
		8305BCF115FC254000ABCF9E /* Debug */ = {
			isa = XCBuildConfiguration;
			buildSettings = {
				ALWAYS_SEARCH_USER_PATHS = NO;
				ARCHS = "$(ARCHS_STANDARD_32_BIT)";
				CLANG_CXX_LANGUAGE_STANDARD = "gnu++0x";
				CLANG_ENABLE_OBJC_ARC = YES;
				CLANG_WARN__DUPLICATE_METHOD_MATCH = YES;
				"CODE_SIGN_IDENTITY[sdk=iphoneos*]" = "iPhone Developer";
				COPY_PHASE_STRIP = NO;
				GCC_C_LANGUAGE_STANDARD = gnu99;
				GCC_DYNAMIC_NO_PIC = NO;
				GCC_OPTIMIZATION_LEVEL = 0;
				GCC_PREPROCESSOR_DEFINITIONS = (
					"DEBUG=1",
					"$(inherited)",
				);
				GCC_SYMBOLS_PRIVATE_EXTERN = NO;
				GCC_VERSION = com.apple.compilers.llvm.clang.1_0;
				GCC_WARN_ABOUT_RETURN_TYPE = YES;
				GCC_WARN_UNINITIALIZED_AUTOS = YES;
				GCC_WARN_UNUSED_VARIABLE = YES;
				IPHONEOS_DEPLOYMENT_TARGET = 5.1;
				SDKROOT = iphoneos;
			};
			name = Debug;
		};
		8305BCF215FC254000ABCF9E /* Release */ = {
			isa = XCBuildConfiguration;
			buildSettings = {
				ALWAYS_SEARCH_USER_PATHS = NO;
				ARCHS = "$(ARCHS_STANDARD_32_BIT)";
				CLANG_CXX_LANGUAGE_STANDARD = "gnu++0x";
				CLANG_ENABLE_OBJC_ARC = YES;
				CLANG_WARN__DUPLICATE_METHOD_MATCH = YES;
				"CODE_SIGN_IDENTITY[sdk=iphoneos*]" = "iPhone Developer";
				COPY_PHASE_STRIP = YES;
				GCC_C_LANGUAGE_STANDARD = gnu99;
				GCC_VERSION = com.apple.compilers.llvm.clang.1_0;
				GCC_WARN_ABOUT_RETURN_TYPE = YES;
				GCC_WARN_UNINITIALIZED_AUTOS = YES;
				GCC_WARN_UNUSED_VARIABLE = YES;
				IPHONEOS_DEPLOYMENT_TARGET = 5.1;
				OTHER_CFLAGS = "-DNS_BLOCK_ASSERTIONS=1";
				SDKROOT = iphoneos;
				VALIDATE_PRODUCT = YES;
			};
			name = Release;
		};
		8305BCF415FC254000ABCF9E /* Debug */ = {
			isa = XCBuildConfiguration;
			buildSettings = {
				GCC_PRECOMPILE_PREFIX_HEADER = YES;
				GCC_PREFIX_HEADER = "Word Scramble/Word Scramble-Prefix.pch";
				INFOPLIST_FILE = "Word Scramble/Word Scramble-Info.plist";
				IPHONEOS_DEPLOYMENT_TARGET = 6.0;
				PRODUCT_NAME = "$(TARGET_NAME)";
				WRAPPER_EXTENSION = app;
			};
			name = Debug;
		};
		8305BCF515FC254000ABCF9E /* Release */ = {
			isa = XCBuildConfiguration;
			buildSettings = {
				GCC_PRECOMPILE_PREFIX_HEADER = YES;
				GCC_PREFIX_HEADER = "Word Scramble/Word Scramble-Prefix.pch";
				INFOPLIST_FILE = "Word Scramble/Word Scramble-Info.plist";
				IPHONEOS_DEPLOYMENT_TARGET = 6.0;
				PRODUCT_NAME = "$(TARGET_NAME)";
				WRAPPER_EXTENSION = app;
			};
			name = Release;
		};
		8305BCF715FC254000ABCF9E /* Debug */ = {
			isa = XCBuildConfiguration;
			buildSettings = {
				BUNDLE_LOADER = "$(BUILT_PRODUCTS_DIR)/Word Scramble.app/Word Scramble";
				FRAMEWORK_SEARCH_PATHS = (
					"\"$(SDKROOT)/Developer/Library/Frameworks\"",
					"\"$(DEVELOPER_LIBRARY_DIR)/Frameworks\"",
				);
				GCC_PRECOMPILE_PREFIX_HEADER = YES;
				GCC_PREFIX_HEADER = "Word Scramble/Word Scramble-Prefix.pch";
				INFOPLIST_FILE = "Word ScrambleTests/Word ScrambleTests-Info.plist";
				PRODUCT_NAME = "$(TARGET_NAME)";
				TEST_HOST = "$(BUNDLE_LOADER)";
				WRAPPER_EXTENSION = octest;
			};
			name = Debug;
		};
		8305BCF815FC254000ABCF9E /* Release */ = {
			isa = XCBuildConfiguration;
			buildSettings = {
				BUNDLE_LOADER = "$(BUILT_PRODUCTS_DIR)/Word Scramble.app/Word Scramble";
				FRAMEWORK_SEARCH_PATHS = (
					"\"$(SDKROOT)/Developer/Library/Frameworks\"",
					"\"$(DEVELOPER_LIBRARY_DIR)/Frameworks\"",
				);
				GCC_PRECOMPILE_PREFIX_HEADER = YES;
				GCC_PREFIX_HEADER = "Word Scramble/Word Scramble-Prefix.pch";
				INFOPLIST_FILE = "Word ScrambleTests/Word ScrambleTests-Info.plist";
				PRODUCT_NAME = "$(TARGET_NAME)";
				TEST_HOST = "$(BUNDLE_LOADER)";
				WRAPPER_EXTENSION = octest;
			};
			name = Release;
		};
/* End XCBuildConfiguration section */

/* Begin XCConfigurationList section */
		8305BCBA15FC254000ABCF9E /* Build configuration list for PBXProject "Word Scramble" */ = {
			isa = XCConfigurationList;
			buildConfigurations = (
				8305BCF115FC254000ABCF9E /* Debug */,
				8305BCF215FC254000ABCF9E /* Release */,
			);
			defaultConfigurationIsVisible = 0;
			defaultConfigurationName = Release;
		};
		8305BCF315FC254000ABCF9E /* Build configuration list for PBXNativeTarget "Word Scramble" */ = {
			isa = XCConfigurationList;
			buildConfigurations = (
				8305BCF415FC254000ABCF9E /* Debug */,
				8305BCF515FC254000ABCF9E /* Release */,
			);
			defaultConfigurationIsVisible = 0;
			defaultConfigurationName = Release;
		};
		8305BCF615FC254000ABCF9E /* Build configuration list for PBXNativeTarget "Word ScrambleTests" */ = {
			isa = XCConfigurationList;
			buildConfigurations = (
				8305BCF715FC254000ABCF9E /* Debug */,
				8305BCF815FC254000ABCF9E /* Release */,
			);
			defaultConfigurationIsVisible = 0;
			defaultConfigurationName = Release;
		};
/* End XCConfigurationList section */
	};
	rootObject = 8305BCB715FC254000ABCF9E /* Project object */;
}
